// !$*UTF8*$!
{
	archiveVersion = 1;
	classes = {
	};
	objectVersion = 46;
	objects = {

/* Begin PBXBuildFile section */
		3733B8F4162678950098E6A1 /* PSCPostCellView.m in Sources */ = {isa = PBXBuildFile; fileRef = 3733B8F3162678950098E6A1 /* PSCPostCellView.m */; };
		3733B9F41626A3780098E6A1 /* INAppStoreWindow.m in Sources */ = {isa = PBXBuildFile; fileRef = 3733B9CA1626A3780098E6A1 /* INAppStoreWindow.m */; };
		37A66322162AAB0600010161 /* AutoHyperlinks.framework in Frameworks */ = {isa = PBXBuildFile; fileRef = 37A66320162AAAEF00010161 /* AutoHyperlinks.framework */; };
		37A66329162AAD7A00010161 /* AutoHyperlinks.framework in Frameworks */ = {isa = PBXBuildFile; fileRef = 37A66328162AAD7A00010161 /* AutoHyperlinks.framework */; };
		37A6632A162AAD8600010161 /* AutoHyperlinks.framework in CopyFiles */ = {isa = PBXBuildFile; fileRef = 37A66328162AAD7A00010161 /* AutoHyperlinks.framework */; };
		37A66337162AC33D00010161 /* NSScrollViewScrollKiller.m in Sources */ = {isa = PBXBuildFile; fileRef = 37A66336162AC33D00010161 /* NSScrollViewScrollKiller.m */; };
		37A6633A162AC50800010161 /* PSCTextView.m in Sources */ = {isa = PBXBuildFile; fileRef = 37A66339162AC50800010161 /* PSCTextView.m */; };
		37A6633D162AD8F600010161 /* CoreLocation.framework in Frameworks */ = {isa = PBXBuildFile; fileRef = 37A6633C162AD8F600010161 /* CoreLocation.framework */; };
		37A663A9162AD93D00010161 /* ANAccessTokenInformationRequest.m in Sources */ = {isa = PBXBuildFile; fileRef = 37A66340162AD93C00010161 /* ANAccessTokenInformationRequest.m */; };
		37A663AA162AD93D00010161 /* ANAnnotation.m in Sources */ = {isa = PBXBuildFile; fileRef = 37A66342162AD93C00010161 /* ANAnnotation.m */; };
		37A663AB162AD93D00010161 /* ANAuthenticatedRequest.m in Sources */ = {isa = PBXBuildFile; fileRef = 37A66344162AD93C00010161 /* ANAuthenticatedRequest.m */; };
		37A663AC162AD93D00010161 /* ANAuthenticator.m in Sources */ = {isa = PBXBuildFile; fileRef = 37A66346162AD93C00010161 /* ANAuthenticator.m */; };
		37A663AD162AD93D00010161 /* ANCreatePostRequest.m in Sources */ = {isa = PBXBuildFile; fileRef = 37A66349162AD93C00010161 /* ANCreatePostRequest.m */; };
		37A663AE162AD93D00010161 /* ANDeletePostRequest.m in Sources */ = {isa = PBXBuildFile; fileRef = 37A6634C162AD93C00010161 /* ANDeletePostRequest.m */; };
		37A663AF162AD93D00010161 /* ANDraft.m in Sources */ = {isa = PBXBuildFile; fileRef = 37A6634E162AD93C00010161 /* ANDraft.m */; };
		37A663B0162AD93D00010161 /* ANEntity.m in Sources */ = {isa = PBXBuildFile; fileRef = 37A66350162AD93C00010161 /* ANEntity.m */; };
		37A663B1162AD93D00010161 /* ANFollowersForUserRequest.m in Sources */ = {isa = PBXBuildFile; fileRef = 37A66352162AD93C00010161 /* ANFollowersForUserRequest.m */; };
		37A663B2162AD93D00010161 /* ANFollowingsForUserRequest.m in Sources */ = {isa = PBXBuildFile; fileRef = 37A66354162AD93C00010161 /* ANFollowingsForUserRequest.m */; };
		37A663B3162AD93D00010161 /* ANFollowUserRequest.m in Sources */ = {isa = PBXBuildFile; fileRef = 37A66356162AD93C00010161 /* ANFollowUserRequest.m */; };
		37A663B4162AD93D00010161 /* ANIdentifiedResource.m in Sources */ = {isa = PBXBuildFile; fileRef = 37A66358162AD93C00010161 /* ANIdentifiedResource.m */; };
		37A663B5162AD93D00010161 /* ANImage.m in Sources */ = {isa = PBXBuildFile; fileRef = 37A6635A162AD93C00010161 /* ANImage.m */; };
		37A663B6162AD93D00010161 /* ANMuteUserRequest.m in Sources */ = {isa = PBXBuildFile; fileRef = 37A6635C162AD93C00010161 /* ANMuteUserRequest.m */; };
		37A663B7162AD93D00010161 /* ANMutingsForUserRequest.m in Sources */ = {isa = PBXBuildFile; fileRef = 37A6635E162AD93C00010161 /* ANMutingsForUserRequest.m */; };
		37A663B8162AD93D00010161 /* ANPost.m in Sources */ = {isa = PBXBuildFile; fileRef = 37A66360162AD93C00010161 /* ANPost.m */; };
		37A663B9162AD93D00010161 /* ANPostRequest.m in Sources */ = {isa = PBXBuildFile; fileRef = 37A66362162AD93C00010161 /* ANPostRequest.m */; };
		37A663BA162AD93D00010161 /* ANPostsByUserRequest.m in Sources */ = {isa = PBXBuildFile; fileRef = 37A66364162AD93C00010161 /* ANPostsByUserRequest.m */; };
		37A663BB162AD93D00010161 /* ANPostsInGlobalStreamRequest.m in Sources */ = {isa = PBXBuildFile; fileRef = 37A66366162AD93C00010161 /* ANPostsInGlobalStreamRequest.m */; };
		37A663BC162AD93D00010161 /* ANPostsInUserStreamRequest.m in Sources */ = {isa = PBXBuildFile; fileRef = 37A66368162AD93C00010161 /* ANPostsInUserStreamRequest.m */; };
		37A663BD162AD93D00010161 /* ANPostsMentioningUserRequest.m in Sources */ = {isa = PBXBuildFile; fileRef = 37A6636A162AD93C00010161 /* ANPostsMentioningUserRequest.m */; };
		37A663BE162AD93D00010161 /* ANPostsReplyingToPostRequest.m in Sources */ = {isa = PBXBuildFile; fileRef = 37A6636C162AD93C00010161 /* ANPostsReplyingToPostRequest.m */; };
		37A663BF162AD93D00010161 /* ANPostsStarredByUserRequest.m in Sources */ = {isa = PBXBuildFile; fileRef = 37A6636E162AD93C00010161 /* ANPostsStarredByUserRequest.m */; };
		37A663C0162AD93D00010161 /* ANPostsWithTagRequest.m in Sources */ = {isa = PBXBuildFile; fileRef = 37A66370162AD93C00010161 /* ANPostsWithTagRequest.m */; };
		37A663C1162AD93D00010161 /* ANRepostPostRequest.m in Sources */ = {isa = PBXBuildFile; fileRef = 37A66372162AD93C00010161 /* ANRepostPostRequest.m */; };
		37A663C2162AD93D00010161 /* ANRequest.m in Sources */ = {isa = PBXBuildFile; fileRef = 37A66374162AD93C00010161 /* ANRequest.m */; };
		37A663C3162AD93D00010161 /* ANRequestReturningPostList.m in Sources */ = {isa = PBXBuildFile; fileRef = 37A66376162AD93C00010161 /* ANRequestReturningPostList.m */; };
		37A663C4162AD93D00010161 /* ANResource+Magic.m in Sources */ = {isa = PBXBuildFile; fileRef = 37A66378162AD93C00010161 /* ANResource+Magic.m */; };
		37A663C5162AD93D00010161 /* ANResource.m in Sources */ = {isa = PBXBuildFile; fileRef = 37A6637A162AD93C00010161 /* ANResource.m */; };
		37A663C6162AD93D00010161 /* ANResponse.m in Sources */ = {isa = PBXBuildFile; fileRef = 37A6637C162AD93C00010161 /* ANResponse.m */; };
		37A663C7162AD93D00010161 /* ANSession+Requests.m in Sources */ = {isa = PBXBuildFile; fileRef = 37A6637F162AD93C00010161 /* ANSession+Requests.m */; };
		37A663C8162AD93D00010161 /* ANSession.m in Sources */ = {isa = PBXBuildFile; fileRef = 37A66381162AD93C00010161 /* ANSession.m */; };
		37A663C9162AD93D00010161 /* ANSource.m in Sources */ = {isa = PBXBuildFile; fileRef = 37A66383162AD93C00010161 /* ANSource.m */; };
		37A663CA162AD93D00010161 /* ANStarPostRequest.m in Sources */ = {isa = PBXBuildFile; fileRef = 37A66385162AD93C00010161 /* ANStarPostRequest.m */; };
		37A663CB162AD93D00010161 /* ANUnfollowUserRequest.m in Sources */ = {isa = PBXBuildFile; fileRef = 37A66387162AD93C00010161 /* ANUnfollowUserRequest.m */; };
		37A663CC162AD93D00010161 /* ANUnmuteUserRequest.m in Sources */ = {isa = PBXBuildFile; fileRef = 37A66389162AD93C00010161 /* ANUnmuteUserRequest.m */; };
		37A663CD162AD93D00010161 /* ANUnrepostPostRequest.m in Sources */ = {isa = PBXBuildFile; fileRef = 37A6638B162AD93D00010161 /* ANUnrepostPostRequest.m */; };
		37A663CE162AD93D00010161 /* ANUnstarPostRequest.m in Sources */ = {isa = PBXBuildFile; fileRef = 37A6638D162AD93D00010161 /* ANUnstarPostRequest.m */; };
		37A663CF162AD93D00010161 /* ANUser.m in Sources */ = {isa = PBXBuildFile; fileRef = 37A6638F162AD93D00010161 /* ANUser.m */; };
		37A663D0162AD93D00010161 /* ANUserCounts.m in Sources */ = {isa = PBXBuildFile; fileRef = 37A66391162AD93D00010161 /* ANUserCounts.m */; };
		37A663D1162AD93D00010161 /* ANUserDescription.m in Sources */ = {isa = PBXBuildFile; fileRef = 37A66393162AD93D00010161 /* ANUserDescription.m */; };
		37A663D2162AD93D00010161 /* ANUsernameRequest.m in Sources */ = {isa = PBXBuildFile; fileRef = 37A66395162AD93D00010161 /* ANUsernameRequest.m */; };
		37A663D3162AD93D00010161 /* ANUserRequest.m in Sources */ = {isa = PBXBuildFile; fileRef = 37A66397162AD93D00010161 /* ANUserRequest.m */; };
		37A663D4162AD93D00010161 /* ANUsersMatchingSearchQueryRequest.m in Sources */ = {isa = PBXBuildFile; fileRef = 37A66399162AD93D00010161 /* ANUsersMatchingSearchQueryRequest.m */; };
		37A663D5162AD93D00010161 /* ANUsersWithPostRepostedRequest.m in Sources */ = {isa = PBXBuildFile; fileRef = 37A6639B162AD93D00010161 /* ANUsersWithPostRepostedRequest.m */; };
		37A663D6162AD93D00010161 /* ANUsersWithPostStarredRequest.m in Sources */ = {isa = PBXBuildFile; fileRef = 37A6639D162AD93D00010161 /* ANUsersWithPostStarredRequest.m */; };
		37A663D7162AD93D00010161 /* AppNetKit.m in Sources */ = {isa = PBXBuildFile; fileRef = 37A6639F162AD93D00010161 /* AppNetKit.m */; };
		37A663D8162AD93D00010161 /* ISO8601DateFormatter.m in Sources */ = {isa = PBXBuildFile; fileRef = 37A663A1162AD93D00010161 /* ISO8601DateFormatter.m */; };
		37A663D9162AD93D00010161 /* NSDictionary+dictionaryWithObjectsForKeys.m in Sources */ = {isa = PBXBuildFile; fileRef = 37A663A3162AD93D00010161 /* NSDictionary+dictionaryWithObjectsForKeys.m */; };
		37A663DA162AD93D00010161 /* NSDictionary+Parameters.m in Sources */ = {isa = PBXBuildFile; fileRef = 37A663A5162AD93D00010161 /* NSDictionary+Parameters.m */; };
		37A663DB162AD93D00010161 /* NSString+AppNetExtensions.m in Sources */ = {isa = PBXBuildFile; fileRef = 37A663A7162AD93D00010161 /* NSString+AppNetExtensions.m */; };
		37AD27BA1627A8D4008E58BF /* Quartz.framework in Frameworks */ = {isa = PBXBuildFile; fileRef = 37AD27B91627A8D4008E58BF /* Quartz.framework */; };
		37AD27C01627F59F008E58BF /* Sunlight.iconset in Resources */ = {isa = PBXBuildFile; fileRef = 37AD27BF1627F59F008E58BF /* Sunlight.iconset */; };
		37AD27CC16280A30008E58BF /* PSCNewPostController.m in Sources */ = {isa = PBXBuildFile; fileRef = 37AD27CA16280A2F008E58BF /* PSCNewPostController.m */; };
		37AD27CD16280A30008E58BF /* PSCNewPost.xib in Resources */ = {isa = PBXBuildFile; fileRef = 37AD27CB16280A2F008E58BF /* PSCNewPost.xib */; };
		37B5206316157DF500941F0D /* Cocoa.framework in Frameworks */ = {isa = PBXBuildFile; fileRef = 37B5206216157DF500941F0D /* Cocoa.framework */; };
		37B5206D16157DF500941F0D /* InfoPlist.strings in Resources */ = {isa = PBXBuildFile; fileRef = 37B5206B16157DF500941F0D /* InfoPlist.strings */; };
		37B5206F16157DF500941F0D /* main.m in Sources */ = {isa = PBXBuildFile; fileRef = 37B5206E16157DF500941F0D /* main.m */; };
		37B5207316157DF500941F0D /* Credits.rtf in Resources */ = {isa = PBXBuildFile; fileRef = 37B5207116157DF500941F0D /* Credits.rtf */; };
		37B5207616157DF500941F0D /* PSCAppDelegate.m in Sources */ = {isa = PBXBuildFile; fileRef = 37B5207516157DF500941F0D /* PSCAppDelegate.m */; };
		37B5207916157DF600941F0D /* MainMenu.xib in Resources */ = {isa = PBXBuildFile; fileRef = 37B5207716157DF600941F0D /* MainMenu.xib */; };
		37B5208116157DF600941F0D /* SenTestingKit.framework in Frameworks */ = {isa = PBXBuildFile; fileRef = 37B5208016157DF600941F0D /* SenTestingKit.framework */; };
		37B5208216157DF600941F0D /* Cocoa.framework in Frameworks */ = {isa = PBXBuildFile; fileRef = 37B5206216157DF500941F0D /* Cocoa.framework */; };
		37B5208A16157DF600941F0D /* InfoPlist.strings in Resources */ = {isa = PBXBuildFile; fileRef = 37B5208816157DF600941F0D /* InfoPlist.strings */; };
		37B5208D16157DF600941F0D /* SunlightTests.m in Sources */ = {isa = PBXBuildFile; fileRef = 37B5208C16157DF600941F0D /* SunlightTests.m */; };
		37B5209F1615828800941F0D /* EQSTRClipView.m in Sources */ = {isa = PBXBuildFile; fileRef = 37B5209C1615828800941F0D /* EQSTRClipView.m */; settings = {COMPILER_FLAGS = "-fno-objc-arc"; }; };
		37B520A01615828800941F0D /* EQSTRScrollView.m in Sources */ = {isa = PBXBuildFile; fileRef = 37B5209E1615828800941F0D /* EQSTRScrollView.m */; settings = {COMPILER_FLAGS = "-fno-objc-arc"; }; };
		37B520A91615834B00941F0D /* DDHotKeyCenter.m in Sources */ = {isa = PBXBuildFile; fileRef = 37B520A81615834B00941F0D /* DDHotKeyCenter.m */; settings = {COMPILER_FLAGS = "-fno-objc-arc"; }; };
		37B520AB1615837D00941F0D /* Carbon.framework in Frameworks */ = {isa = PBXBuildFile; fileRef = 37B520AA1615837D00941F0D /* Carbon.framework */; };
		37B520AD1615840100941F0D /* QuartzCore.framework in Frameworks */ = {isa = PBXBuildFile; fileRef = 37B520AC1615840100941F0D /* QuartzCore.framework */; };
		37B5214B16159CDE00941F0D /* PSCHUDWindow.m in Sources */ = {isa = PBXBuildFile; fileRef = 37B5214A16159CDE00941F0D /* PSCHUDWindow.m */; };
/* End PBXBuildFile section */

/* Begin PBXContainerItemProxy section */
		37A6631F162AAAEF00010161 /* PBXContainerItemProxy */ = {
			isa = PBXContainerItemProxy;
			containerPortal = 37A66318162AAAEF00010161 /* AutoHyperlinks.framework.xcodeproj */;
			proxyType = 2;
			remoteGlobalIDString = 8DC2EF5B0486A6940098B216;
			remoteInfo = AutoHyperlinks.framework;
		};
		37B5208316157DF600941F0D /* PBXContainerItemProxy */ = {
			isa = PBXContainerItemProxy;
			containerPortal = 37B5205516157DF500941F0D /* Project object */;
			proxyType = 1;
			remoteGlobalIDString = 37B5205D16157DF500941F0D;
			remoteInfo = Sunlight;
		};
/* End PBXContainerItemProxy section */

/* Begin PBXCopyFilesBuildPhase section */
		37A66323162AAB2000010161 /* CopyFiles */ = {
			isa = PBXCopyFilesBuildPhase;
			buildActionMask = 2147483647;
			dstPath = "";
			dstSubfolderSpec = 10;
			files = (
				37A6632A162AAD8600010161 /* AutoHyperlinks.framework in CopyFiles */,
			);
			runOnlyForDeploymentPostprocessing = 0;
		};
/* End PBXCopyFilesBuildPhase section */

/* Begin PBXFileReference section */
		3733B8F2162678950098E6A1 /* PSCPostCellView.h */ = {isa = PBXFileReference; fileEncoding = 4; lastKnownFileType = sourcecode.c.h; path = PSCPostCellView.h; sourceTree = "<group>"; };
		3733B8F3162678950098E6A1 /* PSCPostCellView.m */ = {isa = PBXFileReference; fileEncoding = 4; lastKnownFileType = sourcecode.c.objc; path = PSCPostCellView.m; sourceTree = "<group>"; };
		3733B9C91626A3780098E6A1 /* INAppStoreWindow.h */ = {isa = PBXFileReference; fileEncoding = 4; lastKnownFileType = sourcecode.c.h; path = INAppStoreWindow.h; sourceTree = "<group>"; };
		3733B9CA1626A3780098E6A1 /* INAppStoreWindow.m */ = {isa = PBXFileReference; fileEncoding = 4; lastKnownFileType = sourcecode.c.objc; path = INAppStoreWindow.m; sourceTree = "<group>"; };
		3795FE671628C02F0091B6CD /* Sunlight.entitlements */ = {isa = PBXFileReference; lastKnownFileType = text.xml; path = Sunlight.entitlements; sourceTree = "<group>"; };
		37A66318162AAAEF00010161 /* AutoHyperlinks.framework.xcodeproj */ = {isa = PBXFileReference; lastKnownFileType = "wrapper.pb-project"; name = AutoHyperlinks.framework.xcodeproj; path = AutoHyperlinks.framework/AutoHyperlinks.framework.xcodeproj; sourceTree = "<group>"; };
		37A66328162AAD7A00010161 /* AutoHyperlinks.framework */ = {isa = PBXFileReference; lastKnownFileType = wrapper.framework; name = AutoHyperlinks.framework; path = ../repos/CocoaTentClient/AutoHyperlinks.framework; sourceTree = "<group>"; };
		37A66335162AC33D00010161 /* NSScrollViewScrollKiller.h */ = {isa = PBXFileReference; fileEncoding = 4; lastKnownFileType = sourcecode.c.h; path = NSScrollViewScrollKiller.h; sourceTree = "<group>"; };
		37A66336162AC33D00010161 /* NSScrollViewScrollKiller.m */ = {isa = PBXFileReference; fileEncoding = 4; lastKnownFileType = sourcecode.c.objc; path = NSScrollViewScrollKiller.m; sourceTree = "<group>"; };
		37A66338162AC50800010161 /* PSCTextView.h */ = {isa = PBXFileReference; fileEncoding = 4; lastKnownFileType = sourcecode.c.h; path = PSCTextView.h; sourceTree = "<group>"; };
		37A66339162AC50800010161 /* PSCTextView.m */ = {isa = PBXFileReference; fileEncoding = 4; lastKnownFileType = sourcecode.c.objc; path = PSCTextView.m; sourceTree = "<group>"; };
		37A6633C162AD8F600010161 /* CoreLocation.framework */ = {isa = PBXFileReference; lastKnownFileType = wrapper.framework; name = CoreLocation.framework; path = System/Library/Frameworks/CoreLocation.framework; sourceTree = SDKROOT; };
		37A6633F162AD93C00010161 /* ANAccessTokenInformationRequest.h */ = {isa = PBXFileReference; fileEncoding = 4; lastKnownFileType = sourcecode.c.h; path = ANAccessTokenInformationRequest.h; sourceTree = "<group>"; };
		37A66340162AD93C00010161 /* ANAccessTokenInformationRequest.m */ = {isa = PBXFileReference; fileEncoding = 4; lastKnownFileType = sourcecode.c.objc; path = ANAccessTokenInformationRequest.m; sourceTree = "<group>"; };
		37A66341162AD93C00010161 /* ANAnnotation.h */ = {isa = PBXFileReference; fileEncoding = 4; lastKnownFileType = sourcecode.c.h; path = ANAnnotation.h; sourceTree = "<group>"; };
		37A66342162AD93C00010161 /* ANAnnotation.m */ = {isa = PBXFileReference; fileEncoding = 4; lastKnownFileType = sourcecode.c.objc; path = ANAnnotation.m; sourceTree = "<group>"; };
		37A66343162AD93C00010161 /* ANAuthenticatedRequest.h */ = {isa = PBXFileReference; fileEncoding = 4; lastKnownFileType = sourcecode.c.h; path = ANAuthenticatedRequest.h; sourceTree = "<group>"; };
		37A66344162AD93C00010161 /* ANAuthenticatedRequest.m */ = {isa = PBXFileReference; fileEncoding = 4; lastKnownFileType = sourcecode.c.objc; path = ANAuthenticatedRequest.m; sourceTree = "<group>"; };
		37A66345162AD93C00010161 /* ANAuthenticator.h */ = {isa = PBXFileReference; fileEncoding = 4; lastKnownFileType = sourcecode.c.h; path = ANAuthenticator.h; sourceTree = "<group>"; };
		37A66346162AD93C00010161 /* ANAuthenticator.m */ = {isa = PBXFileReference; fileEncoding = 4; lastKnownFileType = sourcecode.c.objc; path = ANAuthenticator.m; sourceTree = "<group>"; };
		37A66347162AD93C00010161 /* ANCompletions.h */ = {isa = PBXFileReference; fileEncoding = 4; lastKnownFileType = sourcecode.c.h; path = ANCompletions.h; sourceTree = "<group>"; };
		37A66348162AD93C00010161 /* ANCreatePostRequest.h */ = {isa = PBXFileReference; fileEncoding = 4; lastKnownFileType = sourcecode.c.h; path = ANCreatePostRequest.h; sourceTree = "<group>"; };
		37A66349162AD93C00010161 /* ANCreatePostRequest.m */ = {isa = PBXFileReference; fileEncoding = 4; lastKnownFileType = sourcecode.c.objc; path = ANCreatePostRequest.m; sourceTree = "<group>"; };
		37A6634A162AD93C00010161 /* ANDefines.h */ = {isa = PBXFileReference; fileEncoding = 4; lastKnownFileType = sourcecode.c.h; path = ANDefines.h; sourceTree = "<group>"; };
		37A6634B162AD93C00010161 /* ANDeletePostRequest.h */ = {isa = PBXFileReference; fileEncoding = 4; lastKnownFileType = sourcecode.c.h; path = ANDeletePostRequest.h; sourceTree = "<group>"; };
		37A6634C162AD93C00010161 /* ANDeletePostRequest.m */ = {isa = PBXFileReference; fileEncoding = 4; lastKnownFileType = sourcecode.c.objc; path = ANDeletePostRequest.m; sourceTree = "<group>"; };
		37A6634D162AD93C00010161 /* ANDraft.h */ = {isa = PBXFileReference; fileEncoding = 4; lastKnownFileType = sourcecode.c.h; path = ANDraft.h; sourceTree = "<group>"; };
		37A6634E162AD93C00010161 /* ANDraft.m */ = {isa = PBXFileReference; fileEncoding = 4; lastKnownFileType = sourcecode.c.objc; path = ANDraft.m; sourceTree = "<group>"; };
		37A6634F162AD93C00010161 /* ANEntity.h */ = {isa = PBXFileReference; fileEncoding = 4; lastKnownFileType = sourcecode.c.h; path = ANEntity.h; sourceTree = "<group>"; };
		37A66350162AD93C00010161 /* ANEntity.m */ = {isa = PBXFileReference; fileEncoding = 4; lastKnownFileType = sourcecode.c.objc; path = ANEntity.m; sourceTree = "<group>"; };
		37A66351162AD93C00010161 /* ANFollowersForUserRequest.h */ = {isa = PBXFileReference; fileEncoding = 4; lastKnownFileType = sourcecode.c.h; path = ANFollowersForUserRequest.h; sourceTree = "<group>"; };
		37A66352162AD93C00010161 /* ANFollowersForUserRequest.m */ = {isa = PBXFileReference; fileEncoding = 4; lastKnownFileType = sourcecode.c.objc; path = ANFollowersForUserRequest.m; sourceTree = "<group>"; };
		37A66353162AD93C00010161 /* ANFollowingsForUserRequest.h */ = {isa = PBXFileReference; fileEncoding = 4; lastKnownFileType = sourcecode.c.h; path = ANFollowingsForUserRequest.h; sourceTree = "<group>"; };
		37A66354162AD93C00010161 /* ANFollowingsForUserRequest.m */ = {isa = PBXFileReference; fileEncoding = 4; lastKnownFileType = sourcecode.c.objc; path = ANFollowingsForUserRequest.m; sourceTree = "<group>"; };
		37A66355162AD93C00010161 /* ANFollowUserRequest.h */ = {isa = PBXFileReference; fileEncoding = 4; lastKnownFileType = sourcecode.c.h; path = ANFollowUserRequest.h; sourceTree = "<group>"; };
		37A66356162AD93C00010161 /* ANFollowUserRequest.m */ = {isa = PBXFileReference; fileEncoding = 4; lastKnownFileType = sourcecode.c.objc; path = ANFollowUserRequest.m; sourceTree = "<group>"; };
		37A66357162AD93C00010161 /* ANIdentifiedResource.h */ = {isa = PBXFileReference; fileEncoding = 4; lastKnownFileType = sourcecode.c.h; path = ANIdentifiedResource.h; sourceTree = "<group>"; };
		37A66358162AD93C00010161 /* ANIdentifiedResource.m */ = {isa = PBXFileReference; fileEncoding = 4; lastKnownFileType = sourcecode.c.objc; path = ANIdentifiedResource.m; sourceTree = "<group>"; };
		37A66359162AD93C00010161 /* ANImage.h */ = {isa = PBXFileReference; fileEncoding = 4; lastKnownFileType = sourcecode.c.h; path = ANImage.h; sourceTree = "<group>"; };
		37A6635A162AD93C00010161 /* ANImage.m */ = {isa = PBXFileReference; fileEncoding = 4; lastKnownFileType = sourcecode.c.objc; path = ANImage.m; sourceTree = "<group>"; };
		37A6635B162AD93C00010161 /* ANMuteUserRequest.h */ = {isa = PBXFileReference; fileEncoding = 4; lastKnownFileType = sourcecode.c.h; path = ANMuteUserRequest.h; sourceTree = "<group>"; };
		37A6635C162AD93C00010161 /* ANMuteUserRequest.m */ = {isa = PBXFileReference; fileEncoding = 4; lastKnownFileType = sourcecode.c.objc; path = ANMuteUserRequest.m; sourceTree = "<group>"; };
		37A6635D162AD93C00010161 /* ANMutingsForUserRequest.h */ = {isa = PBXFileReference; fileEncoding = 4; lastKnownFileType = sourcecode.c.h; path = ANMutingsForUserRequest.h; sourceTree = "<group>"; };
		37A6635E162AD93C00010161 /* ANMutingsForUserRequest.m */ = {isa = PBXFileReference; fileEncoding = 4; lastKnownFileType = sourcecode.c.objc; path = ANMutingsForUserRequest.m; sourceTree = "<group>"; };
		37A6635F162AD93C00010161 /* ANPost.h */ = {isa = PBXFileReference; fileEncoding = 4; lastKnownFileType = sourcecode.c.h; path = ANPost.h; sourceTree = "<group>"; };
		37A66360162AD93C00010161 /* ANPost.m */ = {isa = PBXFileReference; fileEncoding = 4; lastKnownFileType = sourcecode.c.objc; path = ANPost.m; sourceTree = "<group>"; };
		37A66361162AD93C00010161 /* ANPostRequest.h */ = {isa = PBXFileReference; fileEncoding = 4; lastKnownFileType = sourcecode.c.h; path = ANPostRequest.h; sourceTree = "<group>"; };
		37A66362162AD93C00010161 /* ANPostRequest.m */ = {isa = PBXFileReference; fileEncoding = 4; lastKnownFileType = sourcecode.c.objc; path = ANPostRequest.m; sourceTree = "<group>"; };
		37A66363162AD93C00010161 /* ANPostsByUserRequest.h */ = {isa = PBXFileReference; fileEncoding = 4; lastKnownFileType = sourcecode.c.h; path = ANPostsByUserRequest.h; sourceTree = "<group>"; };
		37A66364162AD93C00010161 /* ANPostsByUserRequest.m */ = {isa = PBXFileReference; fileEncoding = 4; lastKnownFileType = sourcecode.c.objc; path = ANPostsByUserRequest.m; sourceTree = "<group>"; };
		37A66365162AD93C00010161 /* ANPostsInGlobalStreamRequest.h */ = {isa = PBXFileReference; fileEncoding = 4; lastKnownFileType = sourcecode.c.h; path = ANPostsInGlobalStreamRequest.h; sourceTree = "<group>"; };
		37A66366162AD93C00010161 /* ANPostsInGlobalStreamRequest.m */ = {isa = PBXFileReference; fileEncoding = 4; lastKnownFileType = sourcecode.c.objc; path = ANPostsInGlobalStreamRequest.m; sourceTree = "<group>"; };
		37A66367162AD93C00010161 /* ANPostsInUserStreamRequest.h */ = {isa = PBXFileReference; fileEncoding = 4; lastKnownFileType = sourcecode.c.h; path = ANPostsInUserStreamRequest.h; sourceTree = "<group>"; };
		37A66368162AD93C00010161 /* ANPostsInUserStreamRequest.m */ = {isa = PBXFileReference; fileEncoding = 4; lastKnownFileType = sourcecode.c.objc; path = ANPostsInUserStreamRequest.m; sourceTree = "<group>"; };
		37A66369162AD93C00010161 /* ANPostsMentioningUserRequest.h */ = {isa = PBXFileReference; fileEncoding = 4; lastKnownFileType = sourcecode.c.h; path = ANPostsMentioningUserRequest.h; sourceTree = "<group>"; };
		37A6636A162AD93C00010161 /* ANPostsMentioningUserRequest.m */ = {isa = PBXFileReference; fileEncoding = 4; lastKnownFileType = sourcecode.c.objc; path = ANPostsMentioningUserRequest.m; sourceTree = "<group>"; };
		37A6636B162AD93C00010161 /* ANPostsReplyingToPostRequest.h */ = {isa = PBXFileReference; fileEncoding = 4; lastKnownFileType = sourcecode.c.h; path = ANPostsReplyingToPostRequest.h; sourceTree = "<group>"; };
		37A6636C162AD93C00010161 /* ANPostsReplyingToPostRequest.m */ = {isa = PBXFileReference; fileEncoding = 4; lastKnownFileType = sourcecode.c.objc; path = ANPostsReplyingToPostRequest.m; sourceTree = "<group>"; };
		37A6636D162AD93C00010161 /* ANPostsStarredByUserRequest.h */ = {isa = PBXFileReference; fileEncoding = 4; lastKnownFileType = sourcecode.c.h; path = ANPostsStarredByUserRequest.h; sourceTree = "<group>"; };
		37A6636E162AD93C00010161 /* ANPostsStarredByUserRequest.m */ = {isa = PBXFileReference; fileEncoding = 4; lastKnownFileType = sourcecode.c.objc; path = ANPostsStarredByUserRequest.m; sourceTree = "<group>"; };
		37A6636F162AD93C00010161 /* ANPostsWithTagRequest.h */ = {isa = PBXFileReference; fileEncoding = 4; lastKnownFileType = sourcecode.c.h; path = ANPostsWithTagRequest.h; sourceTree = "<group>"; };
		37A66370162AD93C00010161 /* ANPostsWithTagRequest.m */ = {isa = PBXFileReference; fileEncoding = 4; lastKnownFileType = sourcecode.c.objc; path = ANPostsWithTagRequest.m; sourceTree = "<group>"; };
		37A66371162AD93C00010161 /* ANRepostPostRequest.h */ = {isa = PBXFileReference; fileEncoding = 4; lastKnownFileType = sourcecode.c.h; path = ANRepostPostRequest.h; sourceTree = "<group>"; };
		37A66372162AD93C00010161 /* ANRepostPostRequest.m */ = {isa = PBXFileReference; fileEncoding = 4; lastKnownFileType = sourcecode.c.objc; path = ANRepostPostRequest.m; sourceTree = "<group>"; };
		37A66373162AD93C00010161 /* ANRequest.h */ = {isa = PBXFileReference; fileEncoding = 4; lastKnownFileType = sourcecode.c.h; path = ANRequest.h; sourceTree = "<group>"; };
		37A66374162AD93C00010161 /* ANRequest.m */ = {isa = PBXFileReference; fileEncoding = 4; lastKnownFileType = sourcecode.c.objc; path = ANRequest.m; sourceTree = "<group>"; };
		37A66375162AD93C00010161 /* ANRequestReturningPostList.h */ = {isa = PBXFileReference; fileEncoding = 4; lastKnownFileType = sourcecode.c.h; path = ANRequestReturningPostList.h; sourceTree = "<group>"; };
		37A66376162AD93C00010161 /* ANRequestReturningPostList.m */ = {isa = PBXFileReference; fileEncoding = 4; lastKnownFileType = sourcecode.c.objc; path = ANRequestReturningPostList.m; sourceTree = "<group>"; };
		37A66377162AD93C00010161 /* ANResource+Magic.h */ = {isa = PBXFileReference; fileEncoding = 4; lastKnownFileType = sourcecode.c.h; path = "ANResource+Magic.h"; sourceTree = "<group>"; };
		37A66378162AD93C00010161 /* ANResource+Magic.m */ = {isa = PBXFileReference; fileEncoding = 4; lastKnownFileType = sourcecode.c.objc; path = "ANResource+Magic.m"; sourceTree = "<group>"; };
		37A66379162AD93C00010161 /* ANResource.h */ = {isa = PBXFileReference; fileEncoding = 4; lastKnownFileType = sourcecode.c.h; path = ANResource.h; sourceTree = "<group>"; };
		37A6637A162AD93C00010161 /* ANResource.m */ = {isa = PBXFileReference; fileEncoding = 4; lastKnownFileType = sourcecode.c.objc; path = ANResource.m; sourceTree = "<group>"; };
		37A6637B162AD93C00010161 /* ANResponse.h */ = {isa = PBXFileReference; fileEncoding = 4; lastKnownFileType = sourcecode.c.h; path = ANResponse.h; sourceTree = "<group>"; };
		37A6637C162AD93C00010161 /* ANResponse.m */ = {isa = PBXFileReference; fileEncoding = 4; lastKnownFileType = sourcecode.c.objc; path = ANResponse.m; sourceTree = "<group>"; };
		37A6637D162AD93C00010161 /* ANSession+ANResource_Private.h */ = {isa = PBXFileReference; fileEncoding = 4; lastKnownFileType = sourcecode.c.h; path = "ANSession+ANResource_Private.h"; sourceTree = "<group>"; };
		37A6637E162AD93C00010161 /* ANSession+Requests.h */ = {isa = PBXFileReference; fileEncoding = 4; lastKnownFileType = sourcecode.c.h; path = "ANSession+Requests.h"; sourceTree = "<group>"; };
		37A6637F162AD93C00010161 /* ANSession+Requests.m */ = {isa = PBXFileReference; fileEncoding = 4; lastKnownFileType = sourcecode.c.objc; path = "ANSession+Requests.m"; sourceTree = "<group>"; };
		37A66380162AD93C00010161 /* ANSession.h */ = {isa = PBXFileReference; fileEncoding = 4; lastKnownFileType = sourcecode.c.h; path = ANSession.h; sourceTree = "<group>"; };
		37A66381162AD93C00010161 /* ANSession.m */ = {isa = PBXFileReference; fileEncoding = 4; lastKnownFileType = sourcecode.c.objc; path = ANSession.m; sourceTree = "<group>"; };
		37A66382162AD93C00010161 /* ANSource.h */ = {isa = PBXFileReference; fileEncoding = 4; lastKnownFileType = sourcecode.c.h; path = ANSource.h; sourceTree = "<group>"; };
		37A66383162AD93C00010161 /* ANSource.m */ = {isa = PBXFileReference; fileEncoding = 4; lastKnownFileType = sourcecode.c.objc; path = ANSource.m; sourceTree = "<group>"; };
		37A66384162AD93C00010161 /* ANStarPostRequest.h */ = {isa = PBXFileReference; fileEncoding = 4; lastKnownFileType = sourcecode.c.h; path = ANStarPostRequest.h; sourceTree = "<group>"; };
		37A66385162AD93C00010161 /* ANStarPostRequest.m */ = {isa = PBXFileReference; fileEncoding = 4; lastKnownFileType = sourcecode.c.objc; path = ANStarPostRequest.m; sourceTree = "<group>"; };
		37A66386162AD93C00010161 /* ANUnfollowUserRequest.h */ = {isa = PBXFileReference; fileEncoding = 4; lastKnownFileType = sourcecode.c.h; path = ANUnfollowUserRequest.h; sourceTree = "<group>"; };
		37A66387162AD93C00010161 /* ANUnfollowUserRequest.m */ = {isa = PBXFileReference; fileEncoding = 4; lastKnownFileType = sourcecode.c.objc; path = ANUnfollowUserRequest.m; sourceTree = "<group>"; };
		37A66388162AD93C00010161 /* ANUnmuteUserRequest.h */ = {isa = PBXFileReference; fileEncoding = 4; lastKnownFileType = sourcecode.c.h; path = ANUnmuteUserRequest.h; sourceTree = "<group>"; };
		37A66389162AD93C00010161 /* ANUnmuteUserRequest.m */ = {isa = PBXFileReference; fileEncoding = 4; lastKnownFileType = sourcecode.c.objc; path = ANUnmuteUserRequest.m; sourceTree = "<group>"; };
		37A6638A162AD93D00010161 /* ANUnrepostPostRequest.h */ = {isa = PBXFileReference; fileEncoding = 4; lastKnownFileType = sourcecode.c.h; path = ANUnrepostPostRequest.h; sourceTree = "<group>"; };
		37A6638B162AD93D00010161 /* ANUnrepostPostRequest.m */ = {isa = PBXFileReference; fileEncoding = 4; lastKnownFileType = sourcecode.c.objc; path = ANUnrepostPostRequest.m; sourceTree = "<group>"; };
		37A6638C162AD93D00010161 /* ANUnstarPostRequest.h */ = {isa = PBXFileReference; fileEncoding = 4; lastKnownFileType = sourcecode.c.h; path = ANUnstarPostRequest.h; sourceTree = "<group>"; };
		37A6638D162AD93D00010161 /* ANUnstarPostRequest.m */ = {isa = PBXFileReference; fileEncoding = 4; lastKnownFileType = sourcecode.c.objc; path = ANUnstarPostRequest.m; sourceTree = "<group>"; };
		37A6638E162AD93D00010161 /* ANUser.h */ = {isa = PBXFileReference; fileEncoding = 4; lastKnownFileType = sourcecode.c.h; path = ANUser.h; sourceTree = "<group>"; };
		37A6638F162AD93D00010161 /* ANUser.m */ = {isa = PBXFileReference; fileEncoding = 4; lastKnownFileType = sourcecode.c.objc; path = ANUser.m; sourceTree = "<group>"; };
		37A66390162AD93D00010161 /* ANUserCounts.h */ = {isa = PBXFileReference; fileEncoding = 4; lastKnownFileType = sourcecode.c.h; path = ANUserCounts.h; sourceTree = "<group>"; };
		37A66391162AD93D00010161 /* ANUserCounts.m */ = {isa = PBXFileReference; fileEncoding = 4; lastKnownFileType = sourcecode.c.objc; path = ANUserCounts.m; sourceTree = "<group>"; };
		37A66392162AD93D00010161 /* ANUserDescription.h */ = {isa = PBXFileReference; fileEncoding = 4; lastKnownFileType = sourcecode.c.h; path = ANUserDescription.h; sourceTree = "<group>"; };
		37A66393162AD93D00010161 /* ANUserDescription.m */ = {isa = PBXFileReference; fileEncoding = 4; lastKnownFileType = sourcecode.c.objc; path = ANUserDescription.m; sourceTree = "<group>"; };
		37A66394162AD93D00010161 /* ANUsernameRequest.h */ = {isa = PBXFileReference; fileEncoding = 4; lastKnownFileType = sourcecode.c.h; path = ANUsernameRequest.h; sourceTree = "<group>"; };
		37A66395162AD93D00010161 /* ANUsernameRequest.m */ = {isa = PBXFileReference; fileEncoding = 4; lastKnownFileType = sourcecode.c.objc; path = ANUsernameRequest.m; sourceTree = "<group>"; };
		37A66396162AD93D00010161 /* ANUserRequest.h */ = {isa = PBXFileReference; fileEncoding = 4; lastKnownFileType = sourcecode.c.h; path = ANUserRequest.h; sourceTree = "<group>"; };
		37A66397162AD93D00010161 /* ANUserRequest.m */ = {isa = PBXFileReference; fileEncoding = 4; lastKnownFileType = sourcecode.c.objc; path = ANUserRequest.m; sourceTree = "<group>"; };
		37A66398162AD93D00010161 /* ANUsersMatchingSearchQueryRequest.h */ = {isa = PBXFileReference; fileEncoding = 4; lastKnownFileType = sourcecode.c.h; path = ANUsersMatchingSearchQueryRequest.h; sourceTree = "<group>"; };
		37A66399162AD93D00010161 /* ANUsersMatchingSearchQueryRequest.m */ = {isa = PBXFileReference; fileEncoding = 4; lastKnownFileType = sourcecode.c.objc; path = ANUsersMatchingSearchQueryRequest.m; sourceTree = "<group>"; };
		37A6639A162AD93D00010161 /* ANUsersWithPostRepostedRequest.h */ = {isa = PBXFileReference; fileEncoding = 4; lastKnownFileType = sourcecode.c.h; path = ANUsersWithPostRepostedRequest.h; sourceTree = "<group>"; };
		37A6639B162AD93D00010161 /* ANUsersWithPostRepostedRequest.m */ = {isa = PBXFileReference; fileEncoding = 4; lastKnownFileType = sourcecode.c.objc; path = ANUsersWithPostRepostedRequest.m; sourceTree = "<group>"; };
		37A6639C162AD93D00010161 /* ANUsersWithPostStarredRequest.h */ = {isa = PBXFileReference; fileEncoding = 4; lastKnownFileType = sourcecode.c.h; path = ANUsersWithPostStarredRequest.h; sourceTree = "<group>"; };
		37A6639D162AD93D00010161 /* ANUsersWithPostStarredRequest.m */ = {isa = PBXFileReference; fileEncoding = 4; lastKnownFileType = sourcecode.c.objc; path = ANUsersWithPostStarredRequest.m; sourceTree = "<group>"; };
		37A6639E162AD93D00010161 /* AppNetKit.h */ = {isa = PBXFileReference; fileEncoding = 4; lastKnownFileType = sourcecode.c.h; path = AppNetKit.h; sourceTree = "<group>"; };
		37A6639F162AD93D00010161 /* AppNetKit.m */ = {isa = PBXFileReference; fileEncoding = 4; lastKnownFileType = sourcecode.c.objc; path = AppNetKit.m; sourceTree = "<group>"; };
		37A663A0162AD93D00010161 /* ISO8601DateFormatter.h */ = {isa = PBXFileReference; fileEncoding = 4; lastKnownFileType = sourcecode.c.h; path = ISO8601DateFormatter.h; sourceTree = "<group>"; };
		37A663A1162AD93D00010161 /* ISO8601DateFormatter.m */ = {isa = PBXFileReference; fileEncoding = 4; lastKnownFileType = sourcecode.c.objc; path = ISO8601DateFormatter.m; sourceTree = "<group>"; };
		37A663A2162AD93D00010161 /* NSDictionary+dictionaryWithObjectsForKeys.h */ = {isa = PBXFileReference; fileEncoding = 4; lastKnownFileType = sourcecode.c.h; path = "NSDictionary+dictionaryWithObjectsForKeys.h"; sourceTree = "<group>"; };
		37A663A3162AD93D00010161 /* NSDictionary+dictionaryWithObjectsForKeys.m */ = {isa = PBXFileReference; fileEncoding = 4; lastKnownFileType = sourcecode.c.objc; path = "NSDictionary+dictionaryWithObjectsForKeys.m"; sourceTree = "<group>"; };
		37A663A4162AD93D00010161 /* NSDictionary+Parameters.h */ = {isa = PBXFileReference; fileEncoding = 4; lastKnownFileType = sourcecode.c.h; path = "NSDictionary+Parameters.h"; sourceTree = "<group>"; };
		37A663A5162AD93D00010161 /* NSDictionary+Parameters.m */ = {isa = PBXFileReference; fileEncoding = 4; lastKnownFileType = sourcecode.c.objc; path = "NSDictionary+Parameters.m"; sourceTree = "<group>"; };
		37A663A6162AD93D00010161 /* NSString+AppNetExtensions.h */ = {isa = PBXFileReference; fileEncoding = 4; lastKnownFileType = sourcecode.c.h; path = "NSString+AppNetExtensions.h"; sourceTree = "<group>"; };
		37A663A7162AD93D00010161 /* NSString+AppNetExtensions.m */ = {isa = PBXFileReference; fileEncoding = 4; lastKnownFileType = sourcecode.c.objc; path = "NSString+AppNetExtensions.m"; sourceTree = "<group>"; };
		37AD27B91627A8D4008E58BF /* Quartz.framework */ = {isa = PBXFileReference; lastKnownFileType = wrapper.framework; name = Quartz.framework; path = System/Library/Frameworks/Quartz.framework; sourceTree = SDKROOT; };
		37AD27BF1627F59F008E58BF /* Sunlight.iconset */ = {isa = PBXFileReference; lastKnownFileType = folder.iconset; path = Sunlight.iconset; sourceTree = SOURCE_ROOT; };
		37AD27C916280A2F008E58BF /* PSCNewPostController.h */ = {isa = PBXFileReference; fileEncoding = 4; lastKnownFileType = sourcecode.c.h; path = PSCNewPostController.h; sourceTree = "<group>"; };
		37AD27CA16280A2F008E58BF /* PSCNewPostController.m */ = {isa = PBXFileReference; fileEncoding = 4; lastKnownFileType = sourcecode.c.objc; path = PSCNewPostController.m; sourceTree = "<group>"; };
		37AD27CB16280A2F008E58BF /* PSCNewPost.xib */ = {isa = PBXFileReference; fileEncoding = 4; lastKnownFileType = file.xib; path = PSCNewPost.xib; sourceTree = "<group>"; };
		37B5205E16157DF500941F0D /* Sunlight.app */ = {isa = PBXFileReference; explicitFileType = wrapper.application; includeInIndex = 0; path = Sunlight.app; sourceTree = BUILT_PRODUCTS_DIR; };
		37B5206216157DF500941F0D /* Cocoa.framework */ = {isa = PBXFileReference; lastKnownFileType = wrapper.framework; name = Cocoa.framework; path = System/Library/Frameworks/Cocoa.framework; sourceTree = SDKROOT; };
		37B5206516157DF500941F0D /* AppKit.framework */ = {isa = PBXFileReference; lastKnownFileType = wrapper.framework; name = AppKit.framework; path = System/Library/Frameworks/AppKit.framework; sourceTree = SDKROOT; };
		37B5206616157DF500941F0D /* CoreData.framework */ = {isa = PBXFileReference; lastKnownFileType = wrapper.framework; name = CoreData.framework; path = System/Library/Frameworks/CoreData.framework; sourceTree = SDKROOT; };
		37B5206716157DF500941F0D /* Foundation.framework */ = {isa = PBXFileReference; lastKnownFileType = wrapper.framework; name = Foundation.framework; path = System/Library/Frameworks/Foundation.framework; sourceTree = SDKROOT; };
		37B5206A16157DF500941F0D /* Sunlight-Info.plist */ = {isa = PBXFileReference; lastKnownFileType = text.plist.xml; path = "Sunlight-Info.plist"; sourceTree = "<group>"; };
		37B5206C16157DF500941F0D /* en */ = {isa = PBXFileReference; lastKnownFileType = text.plist.strings; name = en; path = en.lproj/InfoPlist.strings; sourceTree = "<group>"; };
		37B5206E16157DF500941F0D /* main.m */ = {isa = PBXFileReference; lastKnownFileType = sourcecode.c.objc; path = main.m; sourceTree = "<group>"; };
		37B5207016157DF500941F0D /* Sunlight-Prefix.pch */ = {isa = PBXFileReference; lastKnownFileType = sourcecode.c.h; path = "Sunlight-Prefix.pch"; sourceTree = "<group>"; };
		37B5207216157DF500941F0D /* en */ = {isa = PBXFileReference; lastKnownFileType = text.rtf; name = en; path = en.lproj/Credits.rtf; sourceTree = "<group>"; };
		37B5207416157DF500941F0D /* PSCAppDelegate.h */ = {isa = PBXFileReference; lastKnownFileType = sourcecode.c.h; path = PSCAppDelegate.h; sourceTree = "<group>"; };
		37B5207516157DF500941F0D /* PSCAppDelegate.m */ = {isa = PBXFileReference; lastKnownFileType = sourcecode.c.objc; path = PSCAppDelegate.m; sourceTree = "<group>"; };
		37B5207816157DF600941F0D /* en */ = {isa = PBXFileReference; lastKnownFileType = file.xib; name = en; path = en.lproj/MainMenu.xib; sourceTree = "<group>"; };
		37B5207F16157DF600941F0D /* SunlightTests.octest */ = {isa = PBXFileReference; explicitFileType = wrapper.cfbundle; includeInIndex = 0; path = SunlightTests.octest; sourceTree = BUILT_PRODUCTS_DIR; };
		37B5208016157DF600941F0D /* SenTestingKit.framework */ = {isa = PBXFileReference; lastKnownFileType = wrapper.framework; name = SenTestingKit.framework; path = Library/Frameworks/SenTestingKit.framework; sourceTree = DEVELOPER_DIR; };
		37B5208716157DF600941F0D /* SunlightTests-Info.plist */ = {isa = PBXFileReference; lastKnownFileType = text.plist.xml; path = "SunlightTests-Info.plist"; sourceTree = "<group>"; };
		37B5208916157DF600941F0D /* en */ = {isa = PBXFileReference; lastKnownFileType = text.plist.strings; name = en; path = en.lproj/InfoPlist.strings; sourceTree = "<group>"; };
		37B5208B16157DF600941F0D /* SunlightTests.h */ = {isa = PBXFileReference; lastKnownFileType = sourcecode.c.h; path = SunlightTests.h; sourceTree = "<group>"; };
		37B5208C16157DF600941F0D /* SunlightTests.m */ = {isa = PBXFileReference; lastKnownFileType = sourcecode.c.objc; path = SunlightTests.m; sourceTree = "<group>"; };
		37B5209B1615828800941F0D /* EQSTRClipView.h */ = {isa = PBXFileReference; fileEncoding = 4; lastKnownFileType = sourcecode.c.h; path = EQSTRClipView.h; sourceTree = "<group>"; };
		37B5209C1615828800941F0D /* EQSTRClipView.m */ = {isa = PBXFileReference; fileEncoding = 4; lastKnownFileType = sourcecode.c.objc; path = EQSTRClipView.m; sourceTree = "<group>"; };
		37B5209D1615828800941F0D /* EQSTRScrollView.h */ = {isa = PBXFileReference; fileEncoding = 4; lastKnownFileType = sourcecode.c.h; path = EQSTRScrollView.h; sourceTree = "<group>"; };
		37B5209E1615828800941F0D /* EQSTRScrollView.m */ = {isa = PBXFileReference; fileEncoding = 4; lastKnownFileType = sourcecode.c.objc; path = EQSTRScrollView.m; sourceTree = "<group>"; };
		37B520A71615834B00941F0D /* DDHotKeyCenter.h */ = {isa = PBXFileReference; fileEncoding = 4; lastKnownFileType = sourcecode.c.h; name = DDHotKeyCenter.h; path = DDHotKey/DDHotKeyCenter.h; sourceTree = "<group>"; };
		37B520A81615834B00941F0D /* DDHotKeyCenter.m */ = {isa = PBXFileReference; fileEncoding = 4; lastKnownFileType = sourcecode.c.objc; name = DDHotKeyCenter.m; path = DDHotKey/DDHotKeyCenter.m; sourceTree = "<group>"; };
		37B520AA1615837D00941F0D /* Carbon.framework */ = {isa = PBXFileReference; lastKnownFileType = wrapper.framework; name = Carbon.framework; path = System/Library/Frameworks/Carbon.framework; sourceTree = SDKROOT; };
		37B520AC1615840100941F0D /* QuartzCore.framework */ = {isa = PBXFileReference; lastKnownFileType = wrapper.framework; name = QuartzCore.framework; path = System/Library/Frameworks/QuartzCore.framework; sourceTree = SDKROOT; };
		37B5214916159CDE00941F0D /* PSCHUDWindow.h */ = {isa = PBXFileReference; fileEncoding = 4; lastKnownFileType = sourcecode.c.h; path = PSCHUDWindow.h; sourceTree = "<group>"; };
		37B5214A16159CDE00941F0D /* PSCHUDWindow.m */ = {isa = PBXFileReference; fileEncoding = 4; lastKnownFileType = sourcecode.c.objc; path = PSCHUDWindow.m; sourceTree = "<group>"; };
/* End PBXFileReference section */

/* Begin PBXFrameworksBuildPhase section */
		37B5205B16157DF500941F0D /* Frameworks */ = {
			isa = PBXFrameworksBuildPhase;
			buildActionMask = 2147483647;
			files = (
				37A66322162AAB0600010161 /* AutoHyperlinks.framework in Frameworks */,
				37A6633D162AD8F600010161 /* CoreLocation.framework in Frameworks */,
				37AD27BA1627A8D4008E58BF /* Quartz.framework in Frameworks */,
				37B520AD1615840100941F0D /* QuartzCore.framework in Frameworks */,
				37B520AB1615837D00941F0D /* Carbon.framework in Frameworks */,
				37B5206316157DF500941F0D /* Cocoa.framework in Frameworks */,
				37A66329162AAD7A00010161 /* AutoHyperlinks.framework in Frameworks */,
			);
			runOnlyForDeploymentPostprocessing = 0;
		};
		37B5207B16157DF600941F0D /* Frameworks */ = {
			isa = PBXFrameworksBuildPhase;
			buildActionMask = 2147483647;
			files = (
				37B5208116157DF600941F0D /* SenTestingKit.framework in Frameworks */,
				37B5208216157DF600941F0D /* Cocoa.framework in Frameworks */,
			);
			runOnlyForDeploymentPostprocessing = 0;
		};
/* End PBXFrameworksBuildPhase section */

/* Begin PBXGroup section */
		3733B9C71626A3780098E6A1 /* INAppStoreWindow */ = {
			isa = PBXGroup;
			children = (
				3733B9C91626A3780098E6A1 /* INAppStoreWindow.h */,
				3733B9CA1626A3780098E6A1 /* INAppStoreWindow.m */,
			);
			path = INAppStoreWindow;
			sourceTree = "<group>";
		};
		37A66319162AAAEF00010161 /* Products */ = {
			isa = PBXGroup;
			children = (
				37A66320162AAAEF00010161 /* AutoHyperlinks.framework */,
			);
			name = Products;
			sourceTree = "<group>";
		};
		37A6633B162AC6A800010161 /* Subclasses */ = {
			isa = PBXGroup;
			children = (
				37A66338162AC50800010161 /* PSCTextView.h */,
				37A66339162AC50800010161 /* PSCTextView.m */,
			);
			name = Subclasses;
			sourceTree = "<group>";
		};
		37A6633E162AD93C00010161 /* appnetkit */ = {
			isa = PBXGroup;
			children = (
				37A6633F162AD93C00010161 /* ANAccessTokenInformationRequest.h */,
				37A66340162AD93C00010161 /* ANAccessTokenInformationRequest.m */,
				37A66341162AD93C00010161 /* ANAnnotation.h */,
				37A66342162AD93C00010161 /* ANAnnotation.m */,
				37A66343162AD93C00010161 /* ANAuthenticatedRequest.h */,
				37A66344162AD93C00010161 /* ANAuthenticatedRequest.m */,
				37A66345162AD93C00010161 /* ANAuthenticator.h */,
				37A66346162AD93C00010161 /* ANAuthenticator.m */,
				37A66347162AD93C00010161 /* ANCompletions.h */,
				37A66348162AD93C00010161 /* ANCreatePostRequest.h */,
				37A66349162AD93C00010161 /* ANCreatePostRequest.m */,
				37A6634A162AD93C00010161 /* ANDefines.h */,
				37A6634B162AD93C00010161 /* ANDeletePostRequest.h */,
				37A6634C162AD93C00010161 /* ANDeletePostRequest.m */,
				37A6634D162AD93C00010161 /* ANDraft.h */,
				37A6634E162AD93C00010161 /* ANDraft.m */,
				37A6634F162AD93C00010161 /* ANEntity.h */,
				37A66350162AD93C00010161 /* ANEntity.m */,
				37A66351162AD93C00010161 /* ANFollowersForUserRequest.h */,
				37A66352162AD93C00010161 /* ANFollowersForUserRequest.m */,
				37A66353162AD93C00010161 /* ANFollowingsForUserRequest.h */,
				37A66354162AD93C00010161 /* ANFollowingsForUserRequest.m */,
				37A66355162AD93C00010161 /* ANFollowUserRequest.h */,
				37A66356162AD93C00010161 /* ANFollowUserRequest.m */,
				37A66357162AD93C00010161 /* ANIdentifiedResource.h */,
				37A66358162AD93C00010161 /* ANIdentifiedResource.m */,
				37A66359162AD93C00010161 /* ANImage.h */,
				37A6635A162AD93C00010161 /* ANImage.m */,
				37A6635B162AD93C00010161 /* ANMuteUserRequest.h */,
				37A6635C162AD93C00010161 /* ANMuteUserRequest.m */,
				37A6635D162AD93C00010161 /* ANMutingsForUserRequest.h */,
				37A6635E162AD93C00010161 /* ANMutingsForUserRequest.m */,
				37A6635F162AD93C00010161 /* ANPost.h */,
				37A66360162AD93C00010161 /* ANPost.m */,
				37A66361162AD93C00010161 /* ANPostRequest.h */,
				37A66362162AD93C00010161 /* ANPostRequest.m */,
				37A66363162AD93C00010161 /* ANPostsByUserRequest.h */,
				37A66364162AD93C00010161 /* ANPostsByUserRequest.m */,
				37A66365162AD93C00010161 /* ANPostsInGlobalStreamRequest.h */,
				37A66366162AD93C00010161 /* ANPostsInGlobalStreamRequest.m */,
				37A66367162AD93C00010161 /* ANPostsInUserStreamRequest.h */,
				37A66368162AD93C00010161 /* ANPostsInUserStreamRequest.m */,
				37A66369162AD93C00010161 /* ANPostsMentioningUserRequest.h */,
				37A6636A162AD93C00010161 /* ANPostsMentioningUserRequest.m */,
				37A6636B162AD93C00010161 /* ANPostsReplyingToPostRequest.h */,
				37A6636C162AD93C00010161 /* ANPostsReplyingToPostRequest.m */,
				37A6636D162AD93C00010161 /* ANPostsStarredByUserRequest.h */,
				37A6636E162AD93C00010161 /* ANPostsStarredByUserRequest.m */,
				37A6636F162AD93C00010161 /* ANPostsWithTagRequest.h */,
				37A66370162AD93C00010161 /* ANPostsWithTagRequest.m */,
				37A66371162AD93C00010161 /* ANRepostPostRequest.h */,
				37A66372162AD93C00010161 /* ANRepostPostRequest.m */,
				37A66373162AD93C00010161 /* ANRequest.h */,
				37A66374162AD93C00010161 /* ANRequest.m */,
				37A66375162AD93C00010161 /* ANRequestReturningPostList.h */,
				37A66376162AD93C00010161 /* ANRequestReturningPostList.m */,
				37A66377162AD93C00010161 /* ANResource+Magic.h */,
				37A66378162AD93C00010161 /* ANResource+Magic.m */,
				37A66379162AD93C00010161 /* ANResource.h */,
				37A6637A162AD93C00010161 /* ANResource.m */,
				37A6637B162AD93C00010161 /* ANResponse.h */,
				37A6637C162AD93C00010161 /* ANResponse.m */,
				37A6637D162AD93C00010161 /* ANSession+ANResource_Private.h */,
				37A6637E162AD93C00010161 /* ANSession+Requests.h */,
				37A6637F162AD93C00010161 /* ANSession+Requests.m */,
				37A66380162AD93C00010161 /* ANSession.h */,
				37A66381162AD93C00010161 /* ANSession.m */,
				37A66382162AD93C00010161 /* ANSource.h */,
				37A66383162AD93C00010161 /* ANSource.m */,
				37A66384162AD93C00010161 /* ANStarPostRequest.h */,
				37A66385162AD93C00010161 /* ANStarPostRequest.m */,
				37A66386162AD93C00010161 /* ANUnfollowUserRequest.h */,
				37A66387162AD93C00010161 /* ANUnfollowUserRequest.m */,
				37A66388162AD93C00010161 /* ANUnmuteUserRequest.h */,
				37A66389162AD93C00010161 /* ANUnmuteUserRequest.m */,
				37A6638A162AD93D00010161 /* ANUnrepostPostRequest.h */,
				37A6638B162AD93D00010161 /* ANUnrepostPostRequest.m */,
				37A6638C162AD93D00010161 /* ANUnstarPostRequest.h */,
				37A6638D162AD93D00010161 /* ANUnstarPostRequest.m */,
				37A6638E162AD93D00010161 /* ANUser.h */,
				37A6638F162AD93D00010161 /* ANUser.m */,
				37A66390162AD93D00010161 /* ANUserCounts.h */,
				37A66391162AD93D00010161 /* ANUserCounts.m */,
				37A66392162AD93D00010161 /* ANUserDescription.h */,
				37A66393162AD93D00010161 /* ANUserDescription.m */,
				37A66394162AD93D00010161 /* ANUsernameRequest.h */,
				37A66395162AD93D00010161 /* ANUsernameRequest.m */,
				37A66396162AD93D00010161 /* ANUserRequest.h */,
				37A66397162AD93D00010161 /* ANUserRequest.m */,
				37A66398162AD93D00010161 /* ANUsersMatchingSearchQueryRequest.h */,
				37A66399162AD93D00010161 /* ANUsersMatchingSearchQueryRequest.m */,
				37A6639A162AD93D00010161 /* ANUsersWithPostRepostedRequest.h */,
				37A6639B162AD93D00010161 /* ANUsersWithPostRepostedRequest.m */,
				37A6639C162AD93D00010161 /* ANUsersWithPostStarredRequest.h */,
				37A6639D162AD93D00010161 /* ANUsersWithPostStarredRequest.m */,
				37A6639E162AD93D00010161 /* AppNetKit.h */,
				37A6639F162AD93D00010161 /* AppNetKit.m */,
				37A663A0162AD93D00010161 /* ISO8601DateFormatter.h */,
				37A663A1162AD93D00010161 /* ISO8601DateFormatter.m */,
				37A663A2162AD93D00010161 /* NSDictionary+dictionaryWithObjectsForKeys.h */,
				37A663A3162AD93D00010161 /* NSDictionary+dictionaryWithObjectsForKeys.m */,
				37A663A4162AD93D00010161 /* NSDictionary+Parameters.h */,
				37A663A5162AD93D00010161 /* NSDictionary+Parameters.m */,
				37A663A6162AD93D00010161 /* NSString+AppNetExtensions.h */,
				37A663A7162AD93D00010161 /* NSString+AppNetExtensions.m */,
			);
			path = appnetkit;
			sourceTree = "<group>";
		};
		37B5205316157DF500941F0D = {
			isa = PBXGroup;
			children = (
				37B5206816157DF500941F0D /* Sunlight */,
				37B5208516157DF600941F0D /* SunlightTests */,
				37B5206116157DF500941F0D /* Frameworks */,
				37B5205F16157DF500941F0D /* Products */,
			);
			sourceTree = "<group>";
		};
		37B5205F16157DF500941F0D /* Products */ = {
			isa = PBXGroup;
			children = (
				37B5205E16157DF500941F0D /* Sunlight.app */,
				37B5207F16157DF600941F0D /* SunlightTests.octest */,
			);
			name = Products;
			sourceTree = "<group>";
		};
		37B5206116157DF500941F0D /* Frameworks */ = {
			isa = PBXGroup;
			children = (
				37A66328162AAD7A00010161 /* AutoHyperlinks.framework */,
				37A6633C162AD8F600010161 /* CoreLocation.framework */,
				37AD27B91627A8D4008E58BF /* Quartz.framework */,
				37B520AC1615840100941F0D /* QuartzCore.framework */,
				37B520AA1615837D00941F0D /* Carbon.framework */,
				37B5206216157DF500941F0D /* Cocoa.framework */,
				37B5208016157DF600941F0D /* SenTestingKit.framework */,
				37B5206416157DF500941F0D /* Other Frameworks */,
			);
			name = Frameworks;
			sourceTree = "<group>";
		};
		37B5206416157DF500941F0D /* Other Frameworks */ = {
			isa = PBXGroup;
			children = (
				37B5206516157DF500941F0D /* AppKit.framework */,
				37B5206616157DF500941F0D /* CoreData.framework */,
				37B5206716157DF500941F0D /* Foundation.framework */,
			);
			name = "Other Frameworks";
			sourceTree = "<group>";
		};
		37B5206816157DF500941F0D /* Sunlight */ = {
			isa = PBXGroup;
			children = (
				3795FE671628C02F0091B6CD /* Sunlight.entitlements */,
				37B5207416157DF500941F0D /* PSCAppDelegate.h */,
				37B5207516157DF500941F0D /* PSCAppDelegate.m */,
				3733B8F2162678950098E6A1 /* PSCPostCellView.h */,
				3733B8F3162678950098E6A1 /* PSCPostCellView.m */,
				37AD27C916280A2F008E58BF /* PSCNewPostController.h */,
				37AD27CA16280A2F008E58BF /* PSCNewPostController.m */,
				37AD27CB16280A2F008E58BF /* PSCNewPost.xib */,
				37B5214916159CDE00941F0D /* PSCHUDWindow.h */,
				37B5214A16159CDE00941F0D /* PSCHUDWindow.m */,
				37B5207716157DF600941F0D /* MainMenu.xib */,
				37A66335162AC33D00010161 /* NSScrollViewScrollKiller.h */,
				37A66336162AC33D00010161 /* NSScrollViewScrollKiller.m */,
				37A6633B162AC6A800010161 /* Subclasses */,
				3733B9C71626A3780098E6A1 /* INAppStoreWindow */,
				37A6633E162AD93C00010161 /* appnetkit */,
				37B520A61615833700941F0D /* DDHotKey */,
				37B5209A1615828800941F0D /* ScrollToRefresh */,
				37A66318162AAAEF00010161 /* AutoHyperlinks.framework.xcodeproj */,
				37B5206916157DF500941F0D /* Supporting Files */,
			);
			path = Sunlight;
			sourceTree = "<group>";
		};
		37B5206916157DF500941F0D /* Supporting Files */ = {
			isa = PBXGroup;
			children = (
				37AD27BF1627F59F008E58BF /* Sunlight.iconset */,
				37B5206A16157DF500941F0D /* Sunlight-Info.plist */,
				37B5206B16157DF500941F0D /* InfoPlist.strings */,
				37B5206E16157DF500941F0D /* main.m */,
				37B5207016157DF500941F0D /* Sunlight-Prefix.pch */,
				37B5207116157DF500941F0D /* Credits.rtf */,
			);
			name = "Supporting Files";
			sourceTree = "<group>";
		};
		37B5208516157DF600941F0D /* SunlightTests */ = {
			isa = PBXGroup;
			children = (
				37B5208B16157DF600941F0D /* SunlightTests.h */,
				37B5208C16157DF600941F0D /* SunlightTests.m */,
				37B5208616157DF600941F0D /* Supporting Files */,
			);
			path = SunlightTests;
			sourceTree = "<group>";
		};
		37B5208616157DF600941F0D /* Supporting Files */ = {
			isa = PBXGroup;
			children = (
				37B5208716157DF600941F0D /* SunlightTests-Info.plist */,
				37B5208816157DF600941F0D /* InfoPlist.strings */,
			);
			name = "Supporting Files";
			sourceTree = "<group>";
		};
		37B5209A1615828800941F0D /* ScrollToRefresh */ = {
			isa = PBXGroup;
			children = (
				37B5209B1615828800941F0D /* EQSTRClipView.h */,
				37B5209C1615828800941F0D /* EQSTRClipView.m */,
				37B5209D1615828800941F0D /* EQSTRScrollView.h */,
				37B5209E1615828800941F0D /* EQSTRScrollView.m */,
			);
			name = ScrollToRefresh;
			path = ScrollToRefresh/ScrollToRefresh/src;
			sourceTree = "<group>";
		};
		37B520A61615833700941F0D /* DDHotKey */ = {
			isa = PBXGroup;
			children = (
				37B520A71615834B00941F0D /* DDHotKeyCenter.h */,
				37B520A81615834B00941F0D /* DDHotKeyCenter.m */,
			);
			name = DDHotKey;
			sourceTree = "<group>";
		};
/* End PBXGroup section */

/* Begin PBXNativeTarget section */
		37B5205D16157DF500941F0D /* Sunlight */ = {
			isa = PBXNativeTarget;
			buildConfigurationList = 37B5209016157DF600941F0D /* Build configuration list for PBXNativeTarget "Sunlight" */;
			buildPhases = (
				37B5205A16157DF500941F0D /* Sources */,
				37B5205B16157DF500941F0D /* Frameworks */,
				37B5205C16157DF500941F0D /* Resources */,
				37A66323162AAB2000010161 /* CopyFiles */,
			);
			buildRules = (
			);
			dependencies = (
			);
			name = Sunlight;
			productName = Sunlight;
			productReference = 37B5205E16157DF500941F0D /* Sunlight.app */;
			productType = "com.apple.product-type.application";
		};
		37B5207E16157DF600941F0D /* SunlightTests */ = {
			isa = PBXNativeTarget;
			buildConfigurationList = 37B5209316157DF600941F0D /* Build configuration list for PBXNativeTarget "SunlightTests" */;
			buildPhases = (
				37B5207A16157DF600941F0D /* Sources */,
				37B5207B16157DF600941F0D /* Frameworks */,
				37B5207C16157DF600941F0D /* Resources */,
				37B5207D16157DF600941F0D /* ShellScript */,
			);
			buildRules = (
			);
			dependencies = (
				37B5208416157DF600941F0D /* PBXTargetDependency */,
			);
			name = SunlightTests;
			productName = SunlightTests;
			productReference = 37B5207F16157DF600941F0D /* SunlightTests.octest */;
			productType = "com.apple.product-type.bundle";
		};
/* End PBXNativeTarget section */

/* Begin PBXProject section */
		37B5205516157DF500941F0D /* Project object */ = {
			isa = PBXProject;
			attributes = {
				CLASSPREFIX = PSC;
				LastUpgradeCheck = 0450;
				ORGANIZATIONNAME = "Phantom Sun Creative, Ltd.";
			};
			buildConfigurationList = 37B5205816157DF500941F0D /* Build configuration list for PBXProject "Sunlight" */;
			compatibilityVersion = "Xcode 3.2";
			developmentRegion = English;
			hasScannedForEncodings = 0;
			knownRegions = (
				en,
			);
			mainGroup = 37B5205316157DF500941F0D;
			productRefGroup = 37B5205F16157DF500941F0D /* Products */;
			projectDirPath = "";
			projectReferences = (
				{
					ProductGroup = 37A66319162AAAEF00010161 /* Products */;
					ProjectRef = 37A66318162AAAEF00010161 /* AutoHyperlinks.framework.xcodeproj */;
				},
			);
			projectRoot = "";
			targets = (
				37B5205D16157DF500941F0D /* Sunlight */,
				37B5207E16157DF600941F0D /* SunlightTests */,
			);
		};
/* End PBXProject section */

/* Begin PBXReferenceProxy section */
		37A66320162AAAEF00010161 /* AutoHyperlinks.framework */ = {
			isa = PBXReferenceProxy;
			fileType = wrapper.framework;
			path = AutoHyperlinks.framework;
			remoteRef = 37A6631F162AAAEF00010161 /* PBXContainerItemProxy */;
			sourceTree = BUILT_PRODUCTS_DIR;
		};
/* End PBXReferenceProxy section */

/* Begin PBXResourcesBuildPhase section */
		37B5205C16157DF500941F0D /* Resources */ = {
			isa = PBXResourcesBuildPhase;
			buildActionMask = 2147483647;
			files = (
				37B5206D16157DF500941F0D /* InfoPlist.strings in Resources */,
				37B5207316157DF500941F0D /* Credits.rtf in Resources */,
				37B5207916157DF600941F0D /* MainMenu.xib in Resources */,
				37AD27C01627F59F008E58BF /* Sunlight.iconset in Resources */,
				37AD27CD16280A30008E58BF /* PSCNewPost.xib in Resources */,
			);
			runOnlyForDeploymentPostprocessing = 0;
		};
		37B5207C16157DF600941F0D /* Resources */ = {
			isa = PBXResourcesBuildPhase;
			buildActionMask = 2147483647;
			files = (
				37B5208A16157DF600941F0D /* InfoPlist.strings in Resources */,
			);
			runOnlyForDeploymentPostprocessing = 0;
		};
/* End PBXResourcesBuildPhase section */

/* Begin PBXShellScriptBuildPhase section */
		37B5207D16157DF600941F0D /* ShellScript */ = {
			isa = PBXShellScriptBuildPhase;
			buildActionMask = 2147483647;
			files = (
			);
			inputPaths = (
			);
			outputPaths = (
			);
			runOnlyForDeploymentPostprocessing = 0;
			shellPath = /bin/sh;
			shellScript = "# Run the unit tests in this test bundle.\n\"${SYSTEM_DEVELOPER_DIR}/Tools/RunUnitTests\"\n";
		};
/* End PBXShellScriptBuildPhase section */

/* Begin PBXSourcesBuildPhase section */
		37B5205A16157DF500941F0D /* Sources */ = {
			isa = PBXSourcesBuildPhase;
			buildActionMask = 2147483647;
			files = (
				37B5206F16157DF500941F0D /* main.m in Sources */,
				37B5207616157DF500941F0D /* PSCAppDelegate.m in Sources */,
				37B5209F1615828800941F0D /* EQSTRClipView.m in Sources */,
				37B520A01615828800941F0D /* EQSTRScrollView.m in Sources */,
				37B520A91615834B00941F0D /* DDHotKeyCenter.m in Sources */,
				37B5214B16159CDE00941F0D /* PSCHUDWindow.m in Sources */,
				3733B8F4162678950098E6A1 /* PSCPostCellView.m in Sources */,
				3733B9F41626A3780098E6A1 /* INAppStoreWindow.m in Sources */,
				37AD27CC16280A30008E58BF /* PSCNewPostController.m in Sources */,
				37A66337162AC33D00010161 /* NSScrollViewScrollKiller.m in Sources */,
				37A6633A162AC50800010161 /* PSCTextView.m in Sources */,
				37A663A9162AD93D00010161 /* ANAccessTokenInformationRequest.m in Sources */,
				37A663AA162AD93D00010161 /* ANAnnotation.m in Sources */,
				37A663AB162AD93D00010161 /* ANAuthenticatedRequest.m in Sources */,
				37A663AC162AD93D00010161 /* ANAuthenticator.m in Sources */,
				37A663AD162AD93D00010161 /* ANCreatePostRequest.m in Sources */,
				37A663AE162AD93D00010161 /* ANDeletePostRequest.m in Sources */,
				37A663AF162AD93D00010161 /* ANDraft.m in Sources */,
				37A663B0162AD93D00010161 /* ANEntity.m in Sources */,
				37A663B1162AD93D00010161 /* ANFollowersForUserRequest.m in Sources */,
				37A663B2162AD93D00010161 /* ANFollowingsForUserRequest.m in Sources */,
				37A663B3162AD93D00010161 /* ANFollowUserRequest.m in Sources */,
				37A663B4162AD93D00010161 /* ANIdentifiedResource.m in Sources */,
				37A663B5162AD93D00010161 /* ANImage.m in Sources */,
				37A663B6162AD93D00010161 /* ANMuteUserRequest.m in Sources */,
				37A663B7162AD93D00010161 /* ANMutingsForUserRequest.m in Sources */,
				37A663B8162AD93D00010161 /* ANPost.m in Sources */,
				37A663B9162AD93D00010161 /* ANPostRequest.m in Sources */,
				37A663BA162AD93D00010161 /* ANPostsByUserRequest.m in Sources */,
				37A663BB162AD93D00010161 /* ANPostsInGlobalStreamRequest.m in Sources */,
				37A663BC162AD93D00010161 /* ANPostsInUserStreamRequest.m in Sources */,
				37A663BD162AD93D00010161 /* ANPostsMentioningUserRequest.m in Sources */,
				37A663BE162AD93D00010161 /* ANPostsReplyingToPostRequest.m in Sources */,
				37A663BF162AD93D00010161 /* ANPostsStarredByUserRequest.m in Sources */,
				37A663C0162AD93D00010161 /* ANPostsWithTagRequest.m in Sources */,
				37A663C1162AD93D00010161 /* ANRepostPostRequest.m in Sources */,
				37A663C2162AD93D00010161 /* ANRequest.m in Sources */,
				37A663C3162AD93D00010161 /* ANRequestReturningPostList.m in Sources */,
				37A663C4162AD93D00010161 /* ANResource+Magic.m in Sources */,
				37A663C5162AD93D00010161 /* ANResource.m in Sources */,
				37A663C6162AD93D00010161 /* ANResponse.m in Sources */,
				37A663C7162AD93D00010161 /* ANSession+Requests.m in Sources */,
				37A663C8162AD93D00010161 /* ANSession.m in Sources */,
				37A663C9162AD93D00010161 /* ANSource.m in Sources */,
				37A663CA162AD93D00010161 /* ANStarPostRequest.m in Sources */,
				37A663CB162AD93D00010161 /* ANUnfollowUserRequest.m in Sources */,
				37A663CC162AD93D00010161 /* ANUnmuteUserRequest.m in Sources */,
				37A663CD162AD93D00010161 /* ANUnrepostPostRequest.m in Sources */,
				37A663CE162AD93D00010161 /* ANUnstarPostRequest.m in Sources */,
				37A663CF162AD93D00010161 /* ANUser.m in Sources */,
				37A663D0162AD93D00010161 /* ANUserCounts.m in Sources */,
				37A663D1162AD93D00010161 /* ANUserDescription.m in Sources */,
				37A663D2162AD93D00010161 /* ANUsernameRequest.m in Sources */,
				37A663D3162AD93D00010161 /* ANUserRequest.m in Sources */,
				37A663D4162AD93D00010161 /* ANUsersMatchingSearchQueryRequest.m in Sources */,
				37A663D5162AD93D00010161 /* ANUsersWithPostRepostedRequest.m in Sources */,
				37A663D6162AD93D00010161 /* ANUsersWithPostStarredRequest.m in Sources */,
				37A663D7162AD93D00010161 /* AppNetKit.m in Sources */,
				37A663D8162AD93D00010161 /* ISO8601DateFormatter.m in Sources */,
				37A663D9162AD93D00010161 /* NSDictionary+dictionaryWithObjectsForKeys.m in Sources */,
				37A663DA162AD93D00010161 /* NSDictionary+Parameters.m in Sources */,
				37A663DB162AD93D00010161 /* NSString+AppNetExtensions.m in Sources */,
			);
			runOnlyForDeploymentPostprocessing = 0;
		};
		37B5207A16157DF600941F0D /* Sources */ = {
			isa = PBXSourcesBuildPhase;
			buildActionMask = 2147483647;
			files = (
				37B5208D16157DF600941F0D /* SunlightTests.m in Sources */,
			);
			runOnlyForDeploymentPostprocessing = 0;
		};
/* End PBXSourcesBuildPhase section */

/* Begin PBXTargetDependency section */
		37B5208416157DF600941F0D /* PBXTargetDependency */ = {
			isa = PBXTargetDependency;
			target = 37B5205D16157DF500941F0D /* Sunlight */;
			targetProxy = 37B5208316157DF600941F0D /* PBXContainerItemProxy */;
		};
/* End PBXTargetDependency section */

/* Begin PBXVariantGroup section */
		37B5206B16157DF500941F0D /* InfoPlist.strings */ = {
			isa = PBXVariantGroup;
			children = (
				37B5206C16157DF500941F0D /* en */,
			);
			name = InfoPlist.strings;
			sourceTree = "<group>";
		};
		37B5207116157DF500941F0D /* Credits.rtf */ = {
			isa = PBXVariantGroup;
			children = (
				37B5207216157DF500941F0D /* en */,
			);
			name = Credits.rtf;
			sourceTree = "<group>";
		};
		37B5207716157DF600941F0D /* MainMenu.xib */ = {
			isa = PBXVariantGroup;
			children = (
				37B5207816157DF600941F0D /* en */,
			);
			name = MainMenu.xib;
			sourceTree = "<group>";
		};
		37B5208816157DF600941F0D /* InfoPlist.strings */ = {
			isa = PBXVariantGroup;
			children = (
				37B5208916157DF600941F0D /* en */,
			);
			name = InfoPlist.strings;
			sourceTree = "<group>";
		};
/* End PBXVariantGroup section */

/* Begin XCBuildConfiguration section */
		37B5208E16157DF600941F0D /* Debug */ = {
			isa = XCBuildConfiguration;
			buildSettings = {
				ALWAYS_SEARCH_USER_PATHS = NO;
				ARCHS = "$(ARCHS_STANDARD_64_BIT)";
				CLANG_CXX_LANGUAGE_STANDARD = "gnu++0x";
				CLANG_CXX_LIBRARY = "libc++";
				CLANG_ENABLE_OBJC_ARC = YES;
				CLANG_WARN_EMPTY_BODY = YES;
				CLANG_WARN__DUPLICATE_METHOD_MATCH = YES;
				COPY_PHASE_STRIP = NO;
				GCC_C_LANGUAGE_STANDARD = gnu99;
				GCC_DYNAMIC_NO_PIC = NO;
				GCC_ENABLE_OBJC_EXCEPTIONS = YES;
				GCC_OPTIMIZATION_LEVEL = 0;
				GCC_PREPROCESSOR_DEFINITIONS = (
					"DEBUG=1",
					"$(inherited)",
				);
				GCC_SYMBOLS_PRIVATE_EXTERN = NO;
				GCC_WARN_64_TO_32_BIT_CONVERSION = YES;
				GCC_WARN_ABOUT_RETURN_TYPE = YES;
				GCC_WARN_UNINITIALIZED_AUTOS = YES;
				GCC_WARN_UNUSED_VARIABLE = YES;
				MACOSX_DEPLOYMENT_TARGET = 10.8;
				ONLY_ACTIVE_ARCH = YES;
				SDKROOT = macosx;
			};
			name = Debug;
		};
		37B5208F16157DF600941F0D /* Release */ = {
			isa = XCBuildConfiguration;
			buildSettings = {
				ALWAYS_SEARCH_USER_PATHS = NO;
				ARCHS = "$(ARCHS_STANDARD_64_BIT)";
				CLANG_CXX_LANGUAGE_STANDARD = "gnu++0x";
				CLANG_CXX_LIBRARY = "libc++";
				CLANG_ENABLE_OBJC_ARC = YES;
				CLANG_WARN_EMPTY_BODY = YES;
				CLANG_WARN__DUPLICATE_METHOD_MATCH = YES;
				COPY_PHASE_STRIP = YES;
				DEBUG_INFORMATION_FORMAT = "dwarf-with-dsym";
				GCC_C_LANGUAGE_STANDARD = gnu99;
				GCC_ENABLE_OBJC_EXCEPTIONS = YES;
				GCC_WARN_64_TO_32_BIT_CONVERSION = YES;
				GCC_WARN_ABOUT_RETURN_TYPE = YES;
				GCC_WARN_UNINITIALIZED_AUTOS = YES;
				GCC_WARN_UNUSED_VARIABLE = YES;
				MACOSX_DEPLOYMENT_TARGET = 10.8;
				SDKROOT = macosx;
			};
			name = Release;
		};
		37B5209116157DF600941F0D /* Debug */ = {
			isa = XCBuildConfiguration;
			buildSettings = {
				ALWAYS_SEARCH_USER_PATHS = NO;
				CODE_SIGN_ENTITLEMENTS = Sunlight/Sunlight.entitlements;
				CODE_SIGN_IDENTITY = "3rd Party Mac Developer Application";
				COMBINE_HIDPI_IMAGES = YES;
				FRAMEWORK_SEARCH_PATHS = (
					"\"$(SRCROOT)/Sunlight/AutoHyperlinks.framework/Source\"",
					"\"$(SRCROOT)/../repos/CocoaTentClient\"",
				);
				GCC_PRECOMPILE_PREFIX_HEADER = YES;
				GCC_PREFIX_HEADER = "Sunlight/Sunlight-Prefix.pch";
				INFOPLIST_FILE = "Sunlight/Sunlight-Info.plist";
				PRODUCT_NAME = "$(TARGET_NAME)";
				PROVISIONING_PROFILE = "";
				WRAPPER_EXTENSION = app;
			};
			name = Debug;
		};
		37B5209216157DF600941F0D /* Release */ = {
			isa = XCBuildConfiguration;
			buildSettings = {
				ALWAYS_SEARCH_USER_PATHS = NO;
				CODE_SIGN_ENTITLEMENTS = Sunlight/Sunlight.entitlements;
				CODE_SIGN_IDENTITY = "3rd Party Mac Developer Application";
				COMBINE_HIDPI_IMAGES = YES;
				FRAMEWORK_SEARCH_PATHS = (
					"\"$(SRCROOT)/Sunlight/AutoHyperlinks.framework/Source\"",
					"\"$(SRCROOT)/../repos/CocoaTentClient\"",
				);
				GCC_PRECOMPILE_PREFIX_HEADER = YES;
				GCC_PREFIX_HEADER = "Sunlight/Sunlight-Prefix.pch";
				INFOPLIST_FILE = "Sunlight/Sunlight-Info.plist";
				PRODUCT_NAME = "$(TARGET_NAME)";
				PROVISIONING_PROFILE = "";
				WRAPPER_EXTENSION = app;
			};
			name = Release;
		};
		37B5209416157DF600941F0D /* Debug */ = {
			isa = XCBuildConfiguration;
			buildSettings = {
				BUNDLE_LOADER = "$(BUILT_PRODUCTS_DIR)/Sunlight.app/Contents/MacOS/Sunlight";
				COMBINE_HIDPI_IMAGES = YES;
				FRAMEWORK_SEARCH_PATHS = "\"$(DEVELOPER_LIBRARY_DIR)/Frameworks\"";
				GCC_PRECOMPILE_PREFIX_HEADER = YES;
				GCC_PREFIX_HEADER = "Sunlight/Sunlight-Prefix.pch";
				INFOPLIST_FILE = "SunlightTests/SunlightTests-Info.plist";
				PRODUCT_NAME = "$(TARGET_NAME)";
				TEST_HOST = "$(BUNDLE_LOADER)";
				WRAPPER_EXTENSION = octest;
			};
			name = Debug;
		};
		37B5209516157DF600941F0D /* Release */ = {
			isa = XCBuildConfiguration;
			buildSettings = {
				BUNDLE_LOADER = "$(BUILT_PRODUCTS_DIR)/Sunlight.app/Contents/MacOS/Sunlight";
				COMBINE_HIDPI_IMAGES = YES;
				FRAMEWORK_SEARCH_PATHS = "\"$(DEVELOPER_LIBRARY_DIR)/Frameworks\"";
				GCC_PRECOMPILE_PREFIX_HEADER = YES;
				GCC_PREFIX_HEADER = "Sunlight/Sunlight-Prefix.pch";
				INFOPLIST_FILE = "SunlightTests/SunlightTests-Info.plist";
				PRODUCT_NAME = "$(TARGET_NAME)";
				TEST_HOST = "$(BUNDLE_LOADER)";
				WRAPPER_EXTENSION = octest;
			};
			name = Release;
		};
/* End XCBuildConfiguration section */

/* Begin XCConfigurationList section */
		37B5205816157DF500941F0D /* Build configuration list for PBXProject "Sunlight" */ = {
			isa = XCConfigurationList;
			buildConfigurations = (
				37B5208E16157DF600941F0D /* Debug */,
				37B5208F16157DF600941F0D /* Release */,
			);
			defaultConfigurationIsVisible = 0;
			defaultConfigurationName = Release;
		};
		37B5209016157DF600941F0D /* Build configuration list for PBXNativeTarget "Sunlight" */ = {
			isa = XCConfigurationList;
			buildConfigurations = (
				37B5209116157DF600941F0D /* Debug */,
				37B5209216157DF600941F0D /* Release */,
			);
			defaultConfigurationIsVisible = 0;
			defaultConfigurationName = Release;
		};
		37B5209316157DF600941F0D /* Build configuration list for PBXNativeTarget "SunlightTests" */ = {
			isa = XCConfigurationList;
			buildConfigurations = (
				37B5209416157DF600941F0D /* Debug */,
				37B5209516157DF600941F0D /* Release */,
			);
			defaultConfigurationIsVisible = 0;
			defaultConfigurationName = Release;
		};
/* End XCConfigurationList section */
	};
	rootObject = 37B5205516157DF500941F0D /* Project object */;
}
