// !$*UTF8*$!
{
	archiveVersion = 1;
	classes = {
	};
	objectVersion = 46;
	objects = {

/* Begin PBXBuildFile section */
		3733B8F4162678950098E6A1 /* PSCPostCellView.m in Sources */ = {isa = PBXBuildFile; fileRef = 3733B8F3162678950098E6A1 /* PSCPostCellView.m */; };
		3733B997162694B30098E6A1 /* ANAccessTokenInformationRequest.m in Sources */ = {isa = PBXBuildFile; fileRef = 3733B936162694B30098E6A1 /* ANAccessTokenInformationRequest.m */; };
		3733B998162694B30098E6A1 /* ANAnnotation.m in Sources */ = {isa = PBXBuildFile; fileRef = 3733B938162694B30098E6A1 /* ANAnnotation.m */; };
		3733B999162694B30098E6A1 /* ANAuthenticatedRequest.m in Sources */ = {isa = PBXBuildFile; fileRef = 3733B93A162694B30098E6A1 /* ANAuthenticatedRequest.m */; };
		3733B99A162694B30098E6A1 /* ANAuthenticator.m in Sources */ = {isa = PBXBuildFile; fileRef = 3733B93C162694B30098E6A1 /* ANAuthenticator.m */; };
		3733B99B162694B30098E6A1 /* ANCreatePostRequest.m in Sources */ = {isa = PBXBuildFile; fileRef = 3733B93F162694B30098E6A1 /* ANCreatePostRequest.m */; };
		3733B99C162694B30098E6A1 /* ANDeletePostRequest.m in Sources */ = {isa = PBXBuildFile; fileRef = 3733B942162694B30098E6A1 /* ANDeletePostRequest.m */; };
		3733B99D162694B30098E6A1 /* ANDraft.m in Sources */ = {isa = PBXBuildFile; fileRef = 3733B944162694B30098E6A1 /* ANDraft.m */; };
		3733B99E162694B30098E6A1 /* ANEntity.m in Sources */ = {isa = PBXBuildFile; fileRef = 3733B946162694B30098E6A1 /* ANEntity.m */; };
		3733B99F162694B30098E6A1 /* ANFollowersForUserRequest.m in Sources */ = {isa = PBXBuildFile; fileRef = 3733B948162694B30098E6A1 /* ANFollowersForUserRequest.m */; };
		3733B9A0162694B30098E6A1 /* ANFollowingsForUserRequest.m in Sources */ = {isa = PBXBuildFile; fileRef = 3733B94A162694B30098E6A1 /* ANFollowingsForUserRequest.m */; };
		3733B9A1162694B30098E6A1 /* ANFollowUserRequest.m in Sources */ = {isa = PBXBuildFile; fileRef = 3733B94C162694B30098E6A1 /* ANFollowUserRequest.m */; };
		3733B9A2162694B30098E6A1 /* ANIdentifiedResource.m in Sources */ = {isa = PBXBuildFile; fileRef = 3733B94E162694B30098E6A1 /* ANIdentifiedResource.m */; };
		3733B9A3162694B30098E6A1 /* ANImage.m in Sources */ = {isa = PBXBuildFile; fileRef = 3733B950162694B30098E6A1 /* ANImage.m */; };
		3733B9A4162694B30098E6A1 /* ANMuteUserRequest.m in Sources */ = {isa = PBXBuildFile; fileRef = 3733B952162694B30098E6A1 /* ANMuteUserRequest.m */; };
		3733B9A5162694B30098E6A1 /* ANMutingsForUserRequest.m in Sources */ = {isa = PBXBuildFile; fileRef = 3733B954162694B30098E6A1 /* ANMutingsForUserRequest.m */; };
		3733B9A6162694B30098E6A1 /* ANPost.m in Sources */ = {isa = PBXBuildFile; fileRef = 3733B956162694B30098E6A1 /* ANPost.m */; };
		3733B9A7162694B30098E6A1 /* ANPostRequest.m in Sources */ = {isa = PBXBuildFile; fileRef = 3733B958162694B30098E6A1 /* ANPostRequest.m */; };
		3733B9A8162694B30098E6A1 /* ANPostsByUserRequest.m in Sources */ = {isa = PBXBuildFile; fileRef = 3733B95A162694B30098E6A1 /* ANPostsByUserRequest.m */; };
		3733B9A9162694B30098E6A1 /* ANPostsInGlobalStreamRequest.m in Sources */ = {isa = PBXBuildFile; fileRef = 3733B95C162694B30098E6A1 /* ANPostsInGlobalStreamRequest.m */; };
		3733B9AA162694B30098E6A1 /* ANPostsInUserStreamRequest.m in Sources */ = {isa = PBXBuildFile; fileRef = 3733B95E162694B30098E6A1 /* ANPostsInUserStreamRequest.m */; };
		3733B9AB162694B30098E6A1 /* ANPostsMentioningUserRequest.m in Sources */ = {isa = PBXBuildFile; fileRef = 3733B960162694B30098E6A1 /* ANPostsMentioningUserRequest.m */; };
		3733B9AC162694B30098E6A1 /* ANPostsReplyingToPostRequest.m in Sources */ = {isa = PBXBuildFile; fileRef = 3733B962162694B30098E6A1 /* ANPostsReplyingToPostRequest.m */; };
		3733B9AD162694B30098E6A1 /* ANPostsStarredByUserRequest.m in Sources */ = {isa = PBXBuildFile; fileRef = 3733B964162694B30098E6A1 /* ANPostsStarredByUserRequest.m */; };
		3733B9AE162694B30098E6A1 /* ANPostsWithTagRequest.m in Sources */ = {isa = PBXBuildFile; fileRef = 3733B966162694B30098E6A1 /* ANPostsWithTagRequest.m */; };
		3733B9AF162694B30098E6A1 /* ANRequest.m in Sources */ = {isa = PBXBuildFile; fileRef = 3733B968162694B30098E6A1 /* ANRequest.m */; };
		3733B9B0162694B30098E6A1 /* ANRequestReturningPostList.m in Sources */ = {isa = PBXBuildFile; fileRef = 3733B96A162694B30098E6A1 /* ANRequestReturningPostList.m */; };
		3733B9B1162694B30098E6A1 /* ANResource+Magic.m in Sources */ = {isa = PBXBuildFile; fileRef = 3733B96C162694B30098E6A1 /* ANResource+Magic.m */; };
		3733B9B2162694B30098E6A1 /* ANResource.m in Sources */ = {isa = PBXBuildFile; fileRef = 3733B96E162694B30098E6A1 /* ANResource.m */; };
		3733B9B3162694B30098E6A1 /* ANResponse.m in Sources */ = {isa = PBXBuildFile; fileRef = 3733B970162694B30098E6A1 /* ANResponse.m */; };
		3733B9B4162694B30098E6A1 /* ANSession+Requests.m in Sources */ = {isa = PBXBuildFile; fileRef = 3733B973162694B30098E6A1 /* ANSession+Requests.m */; };
		3733B9B5162694B30098E6A1 /* ANSession.m in Sources */ = {isa = PBXBuildFile; fileRef = 3733B975162694B30098E6A1 /* ANSession.m */; };
		3733B9B6162694B30098E6A1 /* ANSource.m in Sources */ = {isa = PBXBuildFile; fileRef = 3733B977162694B30098E6A1 /* ANSource.m */; };
		3733B9B7162694B30098E6A1 /* ANStarPostRequest.m in Sources */ = {isa = PBXBuildFile; fileRef = 3733B979162694B30098E6A1 /* ANStarPostRequest.m */; };
		3733B9B8162694B30098E6A1 /* ANUnfollowUserRequest.m in Sources */ = {isa = PBXBuildFile; fileRef = 3733B97B162694B30098E6A1 /* ANUnfollowUserRequest.m */; };
		3733B9B9162694B30098E6A1 /* ANUnmuteUserRequest.m in Sources */ = {isa = PBXBuildFile; fileRef = 3733B97D162694B30098E6A1 /* ANUnmuteUserRequest.m */; };
		3733B9BA162694B30098E6A1 /* ANUnstarPostRequest.m in Sources */ = {isa = PBXBuildFile; fileRef = 3733B97F162694B30098E6A1 /* ANUnstarPostRequest.m */; };
		3733B9BB162694B30098E6A1 /* ANUser.m in Sources */ = {isa = PBXBuildFile; fileRef = 3733B981162694B30098E6A1 /* ANUser.m */; };
		3733B9BC162694B30098E6A1 /* ANUserCounts.m in Sources */ = {isa = PBXBuildFile; fileRef = 3733B983162694B30098E6A1 /* ANUserCounts.m */; };
		3733B9BD162694B30098E6A1 /* ANUserDescription.m in Sources */ = {isa = PBXBuildFile; fileRef = 3733B985162694B30098E6A1 /* ANUserDescription.m */; };
		3733B9BE162694B30098E6A1 /* ANUsernameRequest.m in Sources */ = {isa = PBXBuildFile; fileRef = 3733B987162694B30098E6A1 /* ANUsernameRequest.m */; };
		3733B9BF162694B30098E6A1 /* ANUserRequest.m in Sources */ = {isa = PBXBuildFile; fileRef = 3733B989162694B30098E6A1 /* ANUserRequest.m */; };
		3733B9C0162694B30098E6A1 /* ANUsersWithPostStarredRequest.m in Sources */ = {isa = PBXBuildFile; fileRef = 3733B98B162694B30098E6A1 /* ANUsersWithPostStarredRequest.m */; };
		3733B9C1162694B30098E6A1 /* AppNetKit.m in Sources */ = {isa = PBXBuildFile; fileRef = 3733B98D162694B30098E6A1 /* AppNetKit.m */; };
		3733B9C2162694B30098E6A1 /* ISO8601DateFormatter.m in Sources */ = {isa = PBXBuildFile; fileRef = 3733B98F162694B30098E6A1 /* ISO8601DateFormatter.m */; };
		3733B9C3162694B30098E6A1 /* NSDictionary+dictionaryWithObjectsForKeys.m in Sources */ = {isa = PBXBuildFile; fileRef = 3733B991162694B30098E6A1 /* NSDictionary+dictionaryWithObjectsForKeys.m */; };
		3733B9C4162694B30098E6A1 /* NSDictionary+Parameters.m in Sources */ = {isa = PBXBuildFile; fileRef = 3733B993162694B30098E6A1 /* NSDictionary+Parameters.m */; };
		3733B9C5162694B30098E6A1 /* NSString+AppNetExtensions.m in Sources */ = {isa = PBXBuildFile; fileRef = 3733B995162694B30098E6A1 /* NSString+AppNetExtensions.m */; };
		3733B9F41626A3780098E6A1 /* INAppStoreWindow.m in Sources */ = {isa = PBXBuildFile; fileRef = 3733B9CA1626A3780098E6A1 /* INAppStoreWindow.m */; };
		37AD27BA1627A8D4008E58BF /* Quartz.framework in Frameworks */ = {isa = PBXBuildFile; fileRef = 37AD27B91627A8D4008E58BF /* Quartz.framework */; };
		37AD27C01627F59F008E58BF /* Sunlight.iconset in Resources */ = {isa = PBXBuildFile; fileRef = 37AD27BF1627F59F008E58BF /* Sunlight.iconset */; };
		37AD27CC16280A30008E58BF /* PSCNewPostController.m in Sources */ = {isa = PBXBuildFile; fileRef = 37AD27CA16280A2F008E58BF /* PSCNewPostController.m */; };
		37AD27CD16280A30008E58BF /* PSCNewPost.xib in Resources */ = {isa = PBXBuildFile; fileRef = 37AD27CB16280A2F008E58BF /* PSCNewPost.xib */; };
		37B5206316157DF500941F0D /* Cocoa.framework in Frameworks */ = {isa = PBXBuildFile; fileRef = 37B5206216157DF500941F0D /* Cocoa.framework */; };
		37B5206D16157DF500941F0D /* InfoPlist.strings in Resources */ = {isa = PBXBuildFile; fileRef = 37B5206B16157DF500941F0D /* InfoPlist.strings */; };
		37B5206F16157DF500941F0D /* main.m in Sources */ = {isa = PBXBuildFile; fileRef = 37B5206E16157DF500941F0D /* main.m */; };
		37B5207316157DF500941F0D /* Credits.rtf in Resources */ = {isa = PBXBuildFile; fileRef = 37B5207116157DF500941F0D /* Credits.rtf */; };
		37B5207616157DF500941F0D /* PSCAppDelegate.m in Sources */ = {isa = PBXBuildFile; fileRef = 37B5207516157DF500941F0D /* PSCAppDelegate.m */; };
		37B5207916157DF600941F0D /* MainMenu.xib in Resources */ = {isa = PBXBuildFile; fileRef = 37B5207716157DF600941F0D /* MainMenu.xib */; };
		37B5208116157DF600941F0D /* SenTestingKit.framework in Frameworks */ = {isa = PBXBuildFile; fileRef = 37B5208016157DF600941F0D /* SenTestingKit.framework */; };
		37B5208216157DF600941F0D /* Cocoa.framework in Frameworks */ = {isa = PBXBuildFile; fileRef = 37B5206216157DF500941F0D /* Cocoa.framework */; };
		37B5208A16157DF600941F0D /* InfoPlist.strings in Resources */ = {isa = PBXBuildFile; fileRef = 37B5208816157DF600941F0D /* InfoPlist.strings */; };
		37B5208D16157DF600941F0D /* SunlightTests.m in Sources */ = {isa = PBXBuildFile; fileRef = 37B5208C16157DF600941F0D /* SunlightTests.m */; };
		37B5209F1615828800941F0D /* EQSTRClipView.m in Sources */ = {isa = PBXBuildFile; fileRef = 37B5209C1615828800941F0D /* EQSTRClipView.m */; settings = {COMPILER_FLAGS = "-fno-objc-arc"; }; };
		37B520A01615828800941F0D /* EQSTRScrollView.m in Sources */ = {isa = PBXBuildFile; fileRef = 37B5209E1615828800941F0D /* EQSTRScrollView.m */; settings = {COMPILER_FLAGS = "-fno-objc-arc"; }; };
		37B520A91615834B00941F0D /* DDHotKeyCenter.m in Sources */ = {isa = PBXBuildFile; fileRef = 37B520A81615834B00941F0D /* DDHotKeyCenter.m */; settings = {COMPILER_FLAGS = "-fno-objc-arc"; }; };
		37B520AB1615837D00941F0D /* Carbon.framework in Frameworks */ = {isa = PBXBuildFile; fileRef = 37B520AA1615837D00941F0D /* Carbon.framework */; };
		37B520AD1615840100941F0D /* QuartzCore.framework in Frameworks */ = {isa = PBXBuildFile; fileRef = 37B520AC1615840100941F0D /* QuartzCore.framework */; };
		37B5214B16159CDE00941F0D /* PSCHUDWindow.m in Sources */ = {isa = PBXBuildFile; fileRef = 37B5214A16159CDE00941F0D /* PSCHUDWindow.m */; };
/* End PBXBuildFile section */

/* Begin PBXContainerItemProxy section */
		37B5208316157DF600941F0D /* PBXContainerItemProxy */ = {
			isa = PBXContainerItemProxy;
			containerPortal = 37B5205516157DF500941F0D /* Project object */;
			proxyType = 1;
			remoteGlobalIDString = 37B5205D16157DF500941F0D;
			remoteInfo = Sunlight;
		};
/* End PBXContainerItemProxy section */

/* Begin PBXFileReference section */
		3733B8F2162678950098E6A1 /* PSCPostCellView.h */ = {isa = PBXFileReference; fileEncoding = 4; lastKnownFileType = sourcecode.c.h; path = PSCPostCellView.h; sourceTree = "<group>"; };
		3733B8F3162678950098E6A1 /* PSCPostCellView.m */ = {isa = PBXFileReference; fileEncoding = 4; lastKnownFileType = sourcecode.c.objc; path = PSCPostCellView.m; sourceTree = "<group>"; };
		3733B935162694B30098E6A1 /* ANAccessTokenInformationRequest.h */ = {isa = PBXFileReference; fileEncoding = 4; lastKnownFileType = sourcecode.c.h; path = ANAccessTokenInformationRequest.h; sourceTree = "<group>"; };
		3733B936162694B30098E6A1 /* ANAccessTokenInformationRequest.m */ = {isa = PBXFileReference; fileEncoding = 4; lastKnownFileType = sourcecode.c.objc; path = ANAccessTokenInformationRequest.m; sourceTree = "<group>"; };
		3733B937162694B30098E6A1 /* ANAnnotation.h */ = {isa = PBXFileReference; fileEncoding = 4; lastKnownFileType = sourcecode.c.h; path = ANAnnotation.h; sourceTree = "<group>"; };
		3733B938162694B30098E6A1 /* ANAnnotation.m */ = {isa = PBXFileReference; fileEncoding = 4; lastKnownFileType = sourcecode.c.objc; path = ANAnnotation.m; sourceTree = "<group>"; };
		3733B939162694B30098E6A1 /* ANAuthenticatedRequest.h */ = {isa = PBXFileReference; fileEncoding = 4; lastKnownFileType = sourcecode.c.h; path = ANAuthenticatedRequest.h; sourceTree = "<group>"; };
		3733B93A162694B30098E6A1 /* ANAuthenticatedRequest.m */ = {isa = PBXFileReference; fileEncoding = 4; lastKnownFileType = sourcecode.c.objc; path = ANAuthenticatedRequest.m; sourceTree = "<group>"; };
		3733B93B162694B30098E6A1 /* ANAuthenticator.h */ = {isa = PBXFileReference; fileEncoding = 4; lastKnownFileType = sourcecode.c.h; path = ANAuthenticator.h; sourceTree = "<group>"; };
		3733B93C162694B30098E6A1 /* ANAuthenticator.m */ = {isa = PBXFileReference; fileEncoding = 4; lastKnownFileType = sourcecode.c.objc; path = ANAuthenticator.m; sourceTree = "<group>"; };
		3733B93D162694B30098E6A1 /* ANCompletions.h */ = {isa = PBXFileReference; fileEncoding = 4; lastKnownFileType = sourcecode.c.h; path = ANCompletions.h; sourceTree = "<group>"; };
		3733B93E162694B30098E6A1 /* ANCreatePostRequest.h */ = {isa = PBXFileReference; fileEncoding = 4; lastKnownFileType = sourcecode.c.h; path = ANCreatePostRequest.h; sourceTree = "<group>"; };
		3733B93F162694B30098E6A1 /* ANCreatePostRequest.m */ = {isa = PBXFileReference; fileEncoding = 4; lastKnownFileType = sourcecode.c.objc; path = ANCreatePostRequest.m; sourceTree = "<group>"; };
		3733B940162694B30098E6A1 /* ANDefines.h */ = {isa = PBXFileReference; fileEncoding = 4; lastKnownFileType = sourcecode.c.h; path = ANDefines.h; sourceTree = "<group>"; };
		3733B941162694B30098E6A1 /* ANDeletePostRequest.h */ = {isa = PBXFileReference; fileEncoding = 4; lastKnownFileType = sourcecode.c.h; path = ANDeletePostRequest.h; sourceTree = "<group>"; };
		3733B942162694B30098E6A1 /* ANDeletePostRequest.m */ = {isa = PBXFileReference; fileEncoding = 4; lastKnownFileType = sourcecode.c.objc; path = ANDeletePostRequest.m; sourceTree = "<group>"; };
		3733B943162694B30098E6A1 /* ANDraft.h */ = {isa = PBXFileReference; fileEncoding = 4; lastKnownFileType = sourcecode.c.h; path = ANDraft.h; sourceTree = "<group>"; };
		3733B944162694B30098E6A1 /* ANDraft.m */ = {isa = PBXFileReference; fileEncoding = 4; lastKnownFileType = sourcecode.c.objc; path = ANDraft.m; sourceTree = "<group>"; };
		3733B945162694B30098E6A1 /* ANEntity.h */ = {isa = PBXFileReference; fileEncoding = 4; lastKnownFileType = sourcecode.c.h; path = ANEntity.h; sourceTree = "<group>"; };
		3733B946162694B30098E6A1 /* ANEntity.m */ = {isa = PBXFileReference; fileEncoding = 4; lastKnownFileType = sourcecode.c.objc; path = ANEntity.m; sourceTree = "<group>"; };
		3733B947162694B30098E6A1 /* ANFollowersForUserRequest.h */ = {isa = PBXFileReference; fileEncoding = 4; lastKnownFileType = sourcecode.c.h; path = ANFollowersForUserRequest.h; sourceTree = "<group>"; };
		3733B948162694B30098E6A1 /* ANFollowersForUserRequest.m */ = {isa = PBXFileReference; fileEncoding = 4; lastKnownFileType = sourcecode.c.objc; path = ANFollowersForUserRequest.m; sourceTree = "<group>"; };
		3733B949162694B30098E6A1 /* ANFollowingsForUserRequest.h */ = {isa = PBXFileReference; fileEncoding = 4; lastKnownFileType = sourcecode.c.h; path = ANFollowingsForUserRequest.h; sourceTree = "<group>"; };
		3733B94A162694B30098E6A1 /* ANFollowingsForUserRequest.m */ = {isa = PBXFileReference; fileEncoding = 4; lastKnownFileType = sourcecode.c.objc; path = ANFollowingsForUserRequest.m; sourceTree = "<group>"; };
		3733B94B162694B30098E6A1 /* ANFollowUserRequest.h */ = {isa = PBXFileReference; fileEncoding = 4; lastKnownFileType = sourcecode.c.h; path = ANFollowUserRequest.h; sourceTree = "<group>"; };
		3733B94C162694B30098E6A1 /* ANFollowUserRequest.m */ = {isa = PBXFileReference; fileEncoding = 4; lastKnownFileType = sourcecode.c.objc; path = ANFollowUserRequest.m; sourceTree = "<group>"; };
		3733B94D162694B30098E6A1 /* ANIdentifiedResource.h */ = {isa = PBXFileReference; fileEncoding = 4; lastKnownFileType = sourcecode.c.h; path = ANIdentifiedResource.h; sourceTree = "<group>"; };
		3733B94E162694B30098E6A1 /* ANIdentifiedResource.m */ = {isa = PBXFileReference; fileEncoding = 4; lastKnownFileType = sourcecode.c.objc; path = ANIdentifiedResource.m; sourceTree = "<group>"; };
		3733B94F162694B30098E6A1 /* ANImage.h */ = {isa = PBXFileReference; fileEncoding = 4; lastKnownFileType = sourcecode.c.h; path = ANImage.h; sourceTree = "<group>"; };
		3733B950162694B30098E6A1 /* ANImage.m */ = {isa = PBXFileReference; fileEncoding = 4; lastKnownFileType = sourcecode.c.objc; path = ANImage.m; sourceTree = "<group>"; };
		3733B951162694B30098E6A1 /* ANMuteUserRequest.h */ = {isa = PBXFileReference; fileEncoding = 4; lastKnownFileType = sourcecode.c.h; path = ANMuteUserRequest.h; sourceTree = "<group>"; };
		3733B952162694B30098E6A1 /* ANMuteUserRequest.m */ = {isa = PBXFileReference; fileEncoding = 4; lastKnownFileType = sourcecode.c.objc; path = ANMuteUserRequest.m; sourceTree = "<group>"; };
		3733B953162694B30098E6A1 /* ANMutingsForUserRequest.h */ = {isa = PBXFileReference; fileEncoding = 4; lastKnownFileType = sourcecode.c.h; path = ANMutingsForUserRequest.h; sourceTree = "<group>"; };
		3733B954162694B30098E6A1 /* ANMutingsForUserRequest.m */ = {isa = PBXFileReference; fileEncoding = 4; lastKnownFileType = sourcecode.c.objc; path = ANMutingsForUserRequest.m; sourceTree = "<group>"; };
		3733B955162694B30098E6A1 /* ANPost.h */ = {isa = PBXFileReference; fileEncoding = 4; lastKnownFileType = sourcecode.c.h; path = ANPost.h; sourceTree = "<group>"; };
		3733B956162694B30098E6A1 /* ANPost.m */ = {isa = PBXFileReference; fileEncoding = 4; lastKnownFileType = sourcecode.c.objc; path = ANPost.m; sourceTree = "<group>"; };
		3733B957162694B30098E6A1 /* ANPostRequest.h */ = {isa = PBXFileReference; fileEncoding = 4; lastKnownFileType = sourcecode.c.h; path = ANPostRequest.h; sourceTree = "<group>"; };
		3733B958162694B30098E6A1 /* ANPostRequest.m */ = {isa = PBXFileReference; fileEncoding = 4; lastKnownFileType = sourcecode.c.objc; path = ANPostRequest.m; sourceTree = "<group>"; };
		3733B959162694B30098E6A1 /* ANPostsByUserRequest.h */ = {isa = PBXFileReference; fileEncoding = 4; lastKnownFileType = sourcecode.c.h; path = ANPostsByUserRequest.h; sourceTree = "<group>"; };
		3733B95A162694B30098E6A1 /* ANPostsByUserRequest.m */ = {isa = PBXFileReference; fileEncoding = 4; lastKnownFileType = sourcecode.c.objc; path = ANPostsByUserRequest.m; sourceTree = "<group>"; };
		3733B95B162694B30098E6A1 /* ANPostsInGlobalStreamRequest.h */ = {isa = PBXFileReference; fileEncoding = 4; lastKnownFileType = sourcecode.c.h; path = ANPostsInGlobalStreamRequest.h; sourceTree = "<group>"; };
		3733B95C162694B30098E6A1 /* ANPostsInGlobalStreamRequest.m */ = {isa = PBXFileReference; fileEncoding = 4; lastKnownFileType = sourcecode.c.objc; path = ANPostsInGlobalStreamRequest.m; sourceTree = "<group>"; };
		3733B95D162694B30098E6A1 /* ANPostsInUserStreamRequest.h */ = {isa = PBXFileReference; fileEncoding = 4; lastKnownFileType = sourcecode.c.h; path = ANPostsInUserStreamRequest.h; sourceTree = "<group>"; };
		3733B95E162694B30098E6A1 /* ANPostsInUserStreamRequest.m */ = {isa = PBXFileReference; fileEncoding = 4; lastKnownFileType = sourcecode.c.objc; path = ANPostsInUserStreamRequest.m; sourceTree = "<group>"; };
		3733B95F162694B30098E6A1 /* ANPostsMentioningUserRequest.h */ = {isa = PBXFileReference; fileEncoding = 4; lastKnownFileType = sourcecode.c.h; path = ANPostsMentioningUserRequest.h; sourceTree = "<group>"; };
		3733B960162694B30098E6A1 /* ANPostsMentioningUserRequest.m */ = {isa = PBXFileReference; fileEncoding = 4; lastKnownFileType = sourcecode.c.objc; path = ANPostsMentioningUserRequest.m; sourceTree = "<group>"; };
		3733B961162694B30098E6A1 /* ANPostsReplyingToPostRequest.h */ = {isa = PBXFileReference; fileEncoding = 4; lastKnownFileType = sourcecode.c.h; path = ANPostsReplyingToPostRequest.h; sourceTree = "<group>"; };
		3733B962162694B30098E6A1 /* ANPostsReplyingToPostRequest.m */ = {isa = PBXFileReference; fileEncoding = 4; lastKnownFileType = sourcecode.c.objc; path = ANPostsReplyingToPostRequest.m; sourceTree = "<group>"; };
		3733B963162694B30098E6A1 /* ANPostsStarredByUserRequest.h */ = {isa = PBXFileReference; fileEncoding = 4; lastKnownFileType = sourcecode.c.h; path = ANPostsStarredByUserRequest.h; sourceTree = "<group>"; };
		3733B964162694B30098E6A1 /* ANPostsStarredByUserRequest.m */ = {isa = PBXFileReference; fileEncoding = 4; lastKnownFileType = sourcecode.c.objc; path = ANPostsStarredByUserRequest.m; sourceTree = "<group>"; };
		3733B965162694B30098E6A1 /* ANPostsWithTagRequest.h */ = {isa = PBXFileReference; fileEncoding = 4; lastKnownFileType = sourcecode.c.h; path = ANPostsWithTagRequest.h; sourceTree = "<group>"; };
		3733B966162694B30098E6A1 /* ANPostsWithTagRequest.m */ = {isa = PBXFileReference; fileEncoding = 4; lastKnownFileType = sourcecode.c.objc; path = ANPostsWithTagRequest.m; sourceTree = "<group>"; };
		3733B967162694B30098E6A1 /* ANRequest.h */ = {isa = PBXFileReference; fileEncoding = 4; lastKnownFileType = sourcecode.c.h; path = ANRequest.h; sourceTree = "<group>"; };
		3733B968162694B30098E6A1 /* ANRequest.m */ = {isa = PBXFileReference; fileEncoding = 4; lastKnownFileType = sourcecode.c.objc; path = ANRequest.m; sourceTree = "<group>"; };
		3733B969162694B30098E6A1 /* ANRequestReturningPostList.h */ = {isa = PBXFileReference; fileEncoding = 4; lastKnownFileType = sourcecode.c.h; path = ANRequestReturningPostList.h; sourceTree = "<group>"; };
		3733B96A162694B30098E6A1 /* ANRequestReturningPostList.m */ = {isa = PBXFileReference; fileEncoding = 4; lastKnownFileType = sourcecode.c.objc; path = ANRequestReturningPostList.m; sourceTree = "<group>"; };
		3733B96B162694B30098E6A1 /* ANResource+Magic.h */ = {isa = PBXFileReference; fileEncoding = 4; lastKnownFileType = sourcecode.c.h; path = "ANResource+Magic.h"; sourceTree = "<group>"; };
		3733B96C162694B30098E6A1 /* ANResource+Magic.m */ = {isa = PBXFileReference; fileEncoding = 4; lastKnownFileType = sourcecode.c.objc; path = "ANResource+Magic.m"; sourceTree = "<group>"; };
		3733B96D162694B30098E6A1 /* ANResource.h */ = {isa = PBXFileReference; fileEncoding = 4; lastKnownFileType = sourcecode.c.h; path = ANResource.h; sourceTree = "<group>"; };
		3733B96E162694B30098E6A1 /* ANResource.m */ = {isa = PBXFileReference; fileEncoding = 4; lastKnownFileType = sourcecode.c.objc; path = ANResource.m; sourceTree = "<group>"; };
		3733B96F162694B30098E6A1 /* ANResponse.h */ = {isa = PBXFileReference; fileEncoding = 4; lastKnownFileType = sourcecode.c.h; path = ANResponse.h; sourceTree = "<group>"; };
		3733B970162694B30098E6A1 /* ANResponse.m */ = {isa = PBXFileReference; fileEncoding = 4; lastKnownFileType = sourcecode.c.objc; path = ANResponse.m; sourceTree = "<group>"; };
		3733B971162694B30098E6A1 /* ANSession+ANResource_Private.h */ = {isa = PBXFileReference; fileEncoding = 4; lastKnownFileType = sourcecode.c.h; path = "ANSession+ANResource_Private.h"; sourceTree = "<group>"; };
		3733B972162694B30098E6A1 /* ANSession+Requests.h */ = {isa = PBXFileReference; fileEncoding = 4; lastKnownFileType = sourcecode.c.h; path = "ANSession+Requests.h"; sourceTree = "<group>"; };
		3733B973162694B30098E6A1 /* ANSession+Requests.m */ = {isa = PBXFileReference; fileEncoding = 4; lastKnownFileType = sourcecode.c.objc; path = "ANSession+Requests.m"; sourceTree = "<group>"; };
		3733B974162694B30098E6A1 /* ANSession.h */ = {isa = PBXFileReference; fileEncoding = 4; lastKnownFileType = sourcecode.c.h; path = ANSession.h; sourceTree = "<group>"; };
		3733B975162694B30098E6A1 /* ANSession.m */ = {isa = PBXFileReference; fileEncoding = 4; lastKnownFileType = sourcecode.c.objc; path = ANSession.m; sourceTree = "<group>"; };
		3733B976162694B30098E6A1 /* ANSource.h */ = {isa = PBXFileReference; fileEncoding = 4; lastKnownFileType = sourcecode.c.h; path = ANSource.h; sourceTree = "<group>"; };
		3733B977162694B30098E6A1 /* ANSource.m */ = {isa = PBXFileReference; fileEncoding = 4; lastKnownFileType = sourcecode.c.objc; path = ANSource.m; sourceTree = "<group>"; };
		3733B978162694B30098E6A1 /* ANStarPostRequest.h */ = {isa = PBXFileReference; fileEncoding = 4; lastKnownFileType = sourcecode.c.h; path = ANStarPostRequest.h; sourceTree = "<group>"; };
		3733B979162694B30098E6A1 /* ANStarPostRequest.m */ = {isa = PBXFileReference; fileEncoding = 4; lastKnownFileType = sourcecode.c.objc; path = ANStarPostRequest.m; sourceTree = "<group>"; };
		3733B97A162694B30098E6A1 /* ANUnfollowUserRequest.h */ = {isa = PBXFileReference; fileEncoding = 4; lastKnownFileType = sourcecode.c.h; path = ANUnfollowUserRequest.h; sourceTree = "<group>"; };
		3733B97B162694B30098E6A1 /* ANUnfollowUserRequest.m */ = {isa = PBXFileReference; fileEncoding = 4; lastKnownFileType = sourcecode.c.objc; path = ANUnfollowUserRequest.m; sourceTree = "<group>"; };
		3733B97C162694B30098E6A1 /* ANUnmuteUserRequest.h */ = {isa = PBXFileReference; fileEncoding = 4; lastKnownFileType = sourcecode.c.h; path = ANUnmuteUserRequest.h; sourceTree = "<group>"; };
		3733B97D162694B30098E6A1 /* ANUnmuteUserRequest.m */ = {isa = PBXFileReference; fileEncoding = 4; lastKnownFileType = sourcecode.c.objc; path = ANUnmuteUserRequest.m; sourceTree = "<group>"; };
		3733B97E162694B30098E6A1 /* ANUnstarPostRequest.h */ = {isa = PBXFileReference; fileEncoding = 4; lastKnownFileType = sourcecode.c.h; path = ANUnstarPostRequest.h; sourceTree = "<group>"; };
		3733B97F162694B30098E6A1 /* ANUnstarPostRequest.m */ = {isa = PBXFileReference; fileEncoding = 4; lastKnownFileType = sourcecode.c.objc; path = ANUnstarPostRequest.m; sourceTree = "<group>"; };
		3733B980162694B30098E6A1 /* ANUser.h */ = {isa = PBXFileReference; fileEncoding = 4; lastKnownFileType = sourcecode.c.h; path = ANUser.h; sourceTree = "<group>"; };
		3733B981162694B30098E6A1 /* ANUser.m */ = {isa = PBXFileReference; fileEncoding = 4; lastKnownFileType = sourcecode.c.objc; path = ANUser.m; sourceTree = "<group>"; };
		3733B982162694B30098E6A1 /* ANUserCounts.h */ = {isa = PBXFileReference; fileEncoding = 4; lastKnownFileType = sourcecode.c.h; path = ANUserCounts.h; sourceTree = "<group>"; };
		3733B983162694B30098E6A1 /* ANUserCounts.m */ = {isa = PBXFileReference; fileEncoding = 4; lastKnownFileType = sourcecode.c.objc; path = ANUserCounts.m; sourceTree = "<group>"; };
		3733B984162694B30098E6A1 /* ANUserDescription.h */ = {isa = PBXFileReference; fileEncoding = 4; lastKnownFileType = sourcecode.c.h; path = ANUserDescription.h; sourceTree = "<group>"; };
		3733B985162694B30098E6A1 /* ANUserDescription.m */ = {isa = PBXFileReference; fileEncoding = 4; lastKnownFileType = sourcecode.c.objc; path = ANUserDescription.m; sourceTree = "<group>"; };
		3733B986162694B30098E6A1 /* ANUsernameRequest.h */ = {isa = PBXFileReference; fileEncoding = 4; lastKnownFileType = sourcecode.c.h; path = ANUsernameRequest.h; sourceTree = "<group>"; };
		3733B987162694B30098E6A1 /* ANUsernameRequest.m */ = {isa = PBXFileReference; fileEncoding = 4; lastKnownFileType = sourcecode.c.objc; path = ANUsernameRequest.m; sourceTree = "<group>"; };
		3733B988162694B30098E6A1 /* ANUserRequest.h */ = {isa = PBXFileReference; fileEncoding = 4; lastKnownFileType = sourcecode.c.h; path = ANUserRequest.h; sourceTree = "<group>"; };
		3733B989162694B30098E6A1 /* ANUserRequest.m */ = {isa = PBXFileReference; fileEncoding = 4; lastKnownFileType = sourcecode.c.objc; path = ANUserRequest.m; sourceTree = "<group>"; };
		3733B98A162694B30098E6A1 /* ANUsersWithPostStarredRequest.h */ = {isa = PBXFileReference; fileEncoding = 4; lastKnownFileType = sourcecode.c.h; path = ANUsersWithPostStarredRequest.h; sourceTree = "<group>"; };
		3733B98B162694B30098E6A1 /* ANUsersWithPostStarredRequest.m */ = {isa = PBXFileReference; fileEncoding = 4; lastKnownFileType = sourcecode.c.objc; path = ANUsersWithPostStarredRequest.m; sourceTree = "<group>"; };
		3733B98C162694B30098E6A1 /* AppNetKit.h */ = {isa = PBXFileReference; fileEncoding = 4; lastKnownFileType = sourcecode.c.h; path = AppNetKit.h; sourceTree = "<group>"; };
		3733B98D162694B30098E6A1 /* AppNetKit.m */ = {isa = PBXFileReference; fileEncoding = 4; lastKnownFileType = sourcecode.c.objc; path = AppNetKit.m; sourceTree = "<group>"; };
		3733B98E162694B30098E6A1 /* ISO8601DateFormatter.h */ = {isa = PBXFileReference; fileEncoding = 4; lastKnownFileType = sourcecode.c.h; path = ISO8601DateFormatter.h; sourceTree = "<group>"; };
		3733B98F162694B30098E6A1 /* ISO8601DateFormatter.m */ = {isa = PBXFileReference; fileEncoding = 4; lastKnownFileType = sourcecode.c.objc; path = ISO8601DateFormatter.m; sourceTree = "<group>"; };
		3733B990162694B30098E6A1 /* NSDictionary+dictionaryWithObjectsForKeys.h */ = {isa = PBXFileReference; fileEncoding = 4; lastKnownFileType = sourcecode.c.h; path = "NSDictionary+dictionaryWithObjectsForKeys.h"; sourceTree = "<group>"; };
		3733B991162694B30098E6A1 /* NSDictionary+dictionaryWithObjectsForKeys.m */ = {isa = PBXFileReference; fileEncoding = 4; lastKnownFileType = sourcecode.c.objc; path = "NSDictionary+dictionaryWithObjectsForKeys.m"; sourceTree = "<group>"; };
		3733B992162694B30098E6A1 /* NSDictionary+Parameters.h */ = {isa = PBXFileReference; fileEncoding = 4; lastKnownFileType = sourcecode.c.h; path = "NSDictionary+Parameters.h"; sourceTree = "<group>"; };
		3733B993162694B30098E6A1 /* NSDictionary+Parameters.m */ = {isa = PBXFileReference; fileEncoding = 4; lastKnownFileType = sourcecode.c.objc; path = "NSDictionary+Parameters.m"; sourceTree = "<group>"; };
		3733B994162694B30098E6A1 /* NSString+AppNetExtensions.h */ = {isa = PBXFileReference; fileEncoding = 4; lastKnownFileType = sourcecode.c.h; path = "NSString+AppNetExtensions.h"; sourceTree = "<group>"; };
		3733B995162694B30098E6A1 /* NSString+AppNetExtensions.m */ = {isa = PBXFileReference; fileEncoding = 4; lastKnownFileType = sourcecode.c.objc; path = "NSString+AppNetExtensions.m"; sourceTree = "<group>"; };
		3733B9C91626A3780098E6A1 /* INAppStoreWindow.h */ = {isa = PBXFileReference; fileEncoding = 4; lastKnownFileType = sourcecode.c.h; path = INAppStoreWindow.h; sourceTree = "<group>"; };
		3733B9CA1626A3780098E6A1 /* INAppStoreWindow.m */ = {isa = PBXFileReference; fileEncoding = 4; lastKnownFileType = sourcecode.c.objc; path = INAppStoreWindow.m; sourceTree = "<group>"; };
		3795FE671628C02F0091B6CD /* Sunlight.entitlements */ = {isa = PBXFileReference; lastKnownFileType = text.xml; path = Sunlight.entitlements; sourceTree = "<group>"; };
		37AD27B91627A8D4008E58BF /* Quartz.framework */ = {isa = PBXFileReference; lastKnownFileType = wrapper.framework; name = Quartz.framework; path = System/Library/Frameworks/Quartz.framework; sourceTree = SDKROOT; };
		37AD27BF1627F59F008E58BF /* Sunlight.iconset */ = {isa = PBXFileReference; lastKnownFileType = folder.iconset; path = Sunlight.iconset; sourceTree = SOURCE_ROOT; };
		37AD27C916280A2F008E58BF /* PSCNewPostController.h */ = {isa = PBXFileReference; fileEncoding = 4; lastKnownFileType = sourcecode.c.h; path = PSCNewPostController.h; sourceTree = "<group>"; };
		37AD27CA16280A2F008E58BF /* PSCNewPostController.m */ = {isa = PBXFileReference; fileEncoding = 4; lastKnownFileType = sourcecode.c.objc; path = PSCNewPostController.m; sourceTree = "<group>"; };
		37AD27CB16280A2F008E58BF /* PSCNewPost.xib */ = {isa = PBXFileReference; fileEncoding = 4; lastKnownFileType = file.xib; path = PSCNewPost.xib; sourceTree = "<group>"; };
		37B5205E16157DF500941F0D /* Sunlight.app */ = {isa = PBXFileReference; explicitFileType = wrapper.application; includeInIndex = 0; path = Sunlight.app; sourceTree = BUILT_PRODUCTS_DIR; };
		37B5206216157DF500941F0D /* Cocoa.framework */ = {isa = PBXFileReference; lastKnownFileType = wrapper.framework; name = Cocoa.framework; path = System/Library/Frameworks/Cocoa.framework; sourceTree = SDKROOT; };
		37B5206516157DF500941F0D /* AppKit.framework */ = {isa = PBXFileReference; lastKnownFileType = wrapper.framework; name = AppKit.framework; path = System/Library/Frameworks/AppKit.framework; sourceTree = SDKROOT; };
		37B5206616157DF500941F0D /* CoreData.framework */ = {isa = PBXFileReference; lastKnownFileType = wrapper.framework; name = CoreData.framework; path = System/Library/Frameworks/CoreData.framework; sourceTree = SDKROOT; };
		37B5206716157DF500941F0D /* Foundation.framework */ = {isa = PBXFileReference; lastKnownFileType = wrapper.framework; name = Foundation.framework; path = System/Library/Frameworks/Foundation.framework; sourceTree = SDKROOT; };
		37B5206A16157DF500941F0D /* Sunlight-Info.plist */ = {isa = PBXFileReference; lastKnownFileType = text.plist.xml; path = "Sunlight-Info.plist"; sourceTree = "<group>"; };
		37B5206C16157DF500941F0D /* en */ = {isa = PBXFileReference; lastKnownFileType = text.plist.strings; name = en; path = en.lproj/InfoPlist.strings; sourceTree = "<group>"; };
		37B5206E16157DF500941F0D /* main.m */ = {isa = PBXFileReference; lastKnownFileType = sourcecode.c.objc; path = main.m; sourceTree = "<group>"; };
		37B5207016157DF500941F0D /* Sunlight-Prefix.pch */ = {isa = PBXFileReference; lastKnownFileType = sourcecode.c.h; path = "Sunlight-Prefix.pch"; sourceTree = "<group>"; };
		37B5207216157DF500941F0D /* en */ = {isa = PBXFileReference; lastKnownFileType = text.rtf; name = en; path = en.lproj/Credits.rtf; sourceTree = "<group>"; };
		37B5207416157DF500941F0D /* PSCAppDelegate.h */ = {isa = PBXFileReference; lastKnownFileType = sourcecode.c.h; path = PSCAppDelegate.h; sourceTree = "<group>"; };
		37B5207516157DF500941F0D /* PSCAppDelegate.m */ = {isa = PBXFileReference; lastKnownFileType = sourcecode.c.objc; path = PSCAppDelegate.m; sourceTree = "<group>"; };
		37B5207816157DF600941F0D /* en */ = {isa = PBXFileReference; lastKnownFileType = file.xib; name = en; path = en.lproj/MainMenu.xib; sourceTree = "<group>"; };
		37B5207F16157DF600941F0D /* SunlightTests.octest */ = {isa = PBXFileReference; explicitFileType = wrapper.cfbundle; includeInIndex = 0; path = SunlightTests.octest; sourceTree = BUILT_PRODUCTS_DIR; };
		37B5208016157DF600941F0D /* SenTestingKit.framework */ = {isa = PBXFileReference; lastKnownFileType = wrapper.framework; name = SenTestingKit.framework; path = Library/Frameworks/SenTestingKit.framework; sourceTree = DEVELOPER_DIR; };
		37B5208716157DF600941F0D /* SunlightTests-Info.plist */ = {isa = PBXFileReference; lastKnownFileType = text.plist.xml; path = "SunlightTests-Info.plist"; sourceTree = "<group>"; };
		37B5208916157DF600941F0D /* en */ = {isa = PBXFileReference; lastKnownFileType = text.plist.strings; name = en; path = en.lproj/InfoPlist.strings; sourceTree = "<group>"; };
		37B5208B16157DF600941F0D /* SunlightTests.h */ = {isa = PBXFileReference; lastKnownFileType = sourcecode.c.h; path = SunlightTests.h; sourceTree = "<group>"; };
		37B5208C16157DF600941F0D /* SunlightTests.m */ = {isa = PBXFileReference; lastKnownFileType = sourcecode.c.objc; path = SunlightTests.m; sourceTree = "<group>"; };
		37B5209B1615828800941F0D /* EQSTRClipView.h */ = {isa = PBXFileReference; fileEncoding = 4; lastKnownFileType = sourcecode.c.h; path = EQSTRClipView.h; sourceTree = "<group>"; };
		37B5209C1615828800941F0D /* EQSTRClipView.m */ = {isa = PBXFileReference; fileEncoding = 4; lastKnownFileType = sourcecode.c.objc; path = EQSTRClipView.m; sourceTree = "<group>"; };
		37B5209D1615828800941F0D /* EQSTRScrollView.h */ = {isa = PBXFileReference; fileEncoding = 4; lastKnownFileType = sourcecode.c.h; path = EQSTRScrollView.h; sourceTree = "<group>"; };
		37B5209E1615828800941F0D /* EQSTRScrollView.m */ = {isa = PBXFileReference; fileEncoding = 4; lastKnownFileType = sourcecode.c.objc; path = EQSTRScrollView.m; sourceTree = "<group>"; };
		37B520A71615834B00941F0D /* DDHotKeyCenter.h */ = {isa = PBXFileReference; fileEncoding = 4; lastKnownFileType = sourcecode.c.h; name = DDHotKeyCenter.h; path = DDHotKey/DDHotKeyCenter.h; sourceTree = "<group>"; };
		37B520A81615834B00941F0D /* DDHotKeyCenter.m */ = {isa = PBXFileReference; fileEncoding = 4; lastKnownFileType = sourcecode.c.objc; name = DDHotKeyCenter.m; path = DDHotKey/DDHotKeyCenter.m; sourceTree = "<group>"; };
		37B520AA1615837D00941F0D /* Carbon.framework */ = {isa = PBXFileReference; lastKnownFileType = wrapper.framework; name = Carbon.framework; path = System/Library/Frameworks/Carbon.framework; sourceTree = SDKROOT; };
		37B520AC1615840100941F0D /* QuartzCore.framework */ = {isa = PBXFileReference; lastKnownFileType = wrapper.framework; name = QuartzCore.framework; path = System/Library/Frameworks/QuartzCore.framework; sourceTree = SDKROOT; };
		37B5214916159CDE00941F0D /* PSCHUDWindow.h */ = {isa = PBXFileReference; fileEncoding = 4; lastKnownFileType = sourcecode.c.h; path = PSCHUDWindow.h; sourceTree = "<group>"; };
		37B5214A16159CDE00941F0D /* PSCHUDWindow.m */ = {isa = PBXFileReference; fileEncoding = 4; lastKnownFileType = sourcecode.c.objc; path = PSCHUDWindow.m; sourceTree = "<group>"; };
/* End PBXFileReference section */

/* Begin PBXFrameworksBuildPhase section */
		37B5205B16157DF500941F0D /* Frameworks */ = {
			isa = PBXFrameworksBuildPhase;
			buildActionMask = 2147483647;
			files = (
				37AD27BA1627A8D4008E58BF /* Quartz.framework in Frameworks */,
				37B520AD1615840100941F0D /* QuartzCore.framework in Frameworks */,
				37B520AB1615837D00941F0D /* Carbon.framework in Frameworks */,
				37B5206316157DF500941F0D /* Cocoa.framework in Frameworks */,
			);
			runOnlyForDeploymentPostprocessing = 0;
		};
		37B5207B16157DF600941F0D /* Frameworks */ = {
			isa = PBXFrameworksBuildPhase;
			buildActionMask = 2147483647;
			files = (
				37B5208116157DF600941F0D /* SenTestingKit.framework in Frameworks */,
				37B5208216157DF600941F0D /* Cocoa.framework in Frameworks */,
			);
			runOnlyForDeploymentPostprocessing = 0;
		};
/* End PBXFrameworksBuildPhase section */

/* Begin PBXGroup section */
		3733B934162694B20098E6A1 /* appnetkit */ = {
			isa = PBXGroup;
			children = (
				3733B935162694B30098E6A1 /* ANAccessTokenInformationRequest.h */,
				3733B936162694B30098E6A1 /* ANAccessTokenInformationRequest.m */,
				3733B937162694B30098E6A1 /* ANAnnotation.h */,
				3733B938162694B30098E6A1 /* ANAnnotation.m */,
				3733B939162694B30098E6A1 /* ANAuthenticatedRequest.h */,
				3733B93A162694B30098E6A1 /* ANAuthenticatedRequest.m */,
				3733B93B162694B30098E6A1 /* ANAuthenticator.h */,
				3733B93C162694B30098E6A1 /* ANAuthenticator.m */,
				3733B93D162694B30098E6A1 /* ANCompletions.h */,
				3733B93E162694B30098E6A1 /* ANCreatePostRequest.h */,
				3733B93F162694B30098E6A1 /* ANCreatePostRequest.m */,
				3733B940162694B30098E6A1 /* ANDefines.h */,
				3733B941162694B30098E6A1 /* ANDeletePostRequest.h */,
				3733B942162694B30098E6A1 /* ANDeletePostRequest.m */,
				3733B943162694B30098E6A1 /* ANDraft.h */,
				3733B944162694B30098E6A1 /* ANDraft.m */,
				3733B945162694B30098E6A1 /* ANEntity.h */,
				3733B946162694B30098E6A1 /* ANEntity.m */,
				3733B947162694B30098E6A1 /* ANFollowersForUserRequest.h */,
				3733B948162694B30098E6A1 /* ANFollowersForUserRequest.m */,
				3733B949162694B30098E6A1 /* ANFollowingsForUserRequest.h */,
				3733B94A162694B30098E6A1 /* ANFollowingsForUserRequest.m */,
				3733B94B162694B30098E6A1 /* ANFollowUserRequest.h */,
				3733B94C162694B30098E6A1 /* ANFollowUserRequest.m */,
				3733B94D162694B30098E6A1 /* ANIdentifiedResource.h */,
				3733B94E162694B30098E6A1 /* ANIdentifiedResource.m */,
				3733B94F162694B30098E6A1 /* ANImage.h */,
				3733B950162694B30098E6A1 /* ANImage.m */,
				3733B951162694B30098E6A1 /* ANMuteUserRequest.h */,
				3733B952162694B30098E6A1 /* ANMuteUserRequest.m */,
				3733B953162694B30098E6A1 /* ANMutingsForUserRequest.h */,
				3733B954162694B30098E6A1 /* ANMutingsForUserRequest.m */,
				3733B955162694B30098E6A1 /* ANPost.h */,
				3733B956162694B30098E6A1 /* ANPost.m */,
				3733B957162694B30098E6A1 /* ANPostRequest.h */,
				3733B958162694B30098E6A1 /* ANPostRequest.m */,
				3733B959162694B30098E6A1 /* ANPostsByUserRequest.h */,
				3733B95A162694B30098E6A1 /* ANPostsByUserRequest.m */,
				3733B95B162694B30098E6A1 /* ANPostsInGlobalStreamRequest.h */,
				3733B95C162694B30098E6A1 /* ANPostsInGlobalStreamRequest.m */,
				3733B95D162694B30098E6A1 /* ANPostsInUserStreamRequest.h */,
				3733B95E162694B30098E6A1 /* ANPostsInUserStreamRequest.m */,
				3733B95F162694B30098E6A1 /* ANPostsMentioningUserRequest.h */,
				3733B960162694B30098E6A1 /* ANPostsMentioningUserRequest.m */,
				3733B961162694B30098E6A1 /* ANPostsReplyingToPostRequest.h */,
				3733B962162694B30098E6A1 /* ANPostsReplyingToPostRequest.m */,
				3733B963162694B30098E6A1 /* ANPostsStarredByUserRequest.h */,
				3733B964162694B30098E6A1 /* ANPostsStarredByUserRequest.m */,
				3733B965162694B30098E6A1 /* ANPostsWithTagRequest.h */,
				3733B966162694B30098E6A1 /* ANPostsWithTagRequest.m */,
				3733B967162694B30098E6A1 /* ANRequest.h */,
				3733B968162694B30098E6A1 /* ANRequest.m */,
				3733B969162694B30098E6A1 /* ANRequestReturningPostList.h */,
				3733B96A162694B30098E6A1 /* ANRequestReturningPostList.m */,
				3733B96B162694B30098E6A1 /* ANResource+Magic.h */,
				3733B96C162694B30098E6A1 /* ANResource+Magic.m */,
				3733B96D162694B30098E6A1 /* ANResource.h */,
				3733B96E162694B30098E6A1 /* ANResource.m */,
				3733B96F162694B30098E6A1 /* ANResponse.h */,
				3733B970162694B30098E6A1 /* ANResponse.m */,
				3733B971162694B30098E6A1 /* ANSession+ANResource_Private.h */,
				3733B972162694B30098E6A1 /* ANSession+Requests.h */,
				3733B973162694B30098E6A1 /* ANSession+Requests.m */,
				3733B974162694B30098E6A1 /* ANSession.h */,
				3733B975162694B30098E6A1 /* ANSession.m */,
				3733B976162694B30098E6A1 /* ANSource.h */,
				3733B977162694B30098E6A1 /* ANSource.m */,
				3733B978162694B30098E6A1 /* ANStarPostRequest.h */,
				3733B979162694B30098E6A1 /* ANStarPostRequest.m */,
				3733B97A162694B30098E6A1 /* ANUnfollowUserRequest.h */,
				3733B97B162694B30098E6A1 /* ANUnfollowUserRequest.m */,
				3733B97C162694B30098E6A1 /* ANUnmuteUserRequest.h */,
				3733B97D162694B30098E6A1 /* ANUnmuteUserRequest.m */,
				3733B97E162694B30098E6A1 /* ANUnstarPostRequest.h */,
				3733B97F162694B30098E6A1 /* ANUnstarPostRequest.m */,
				3733B980162694B30098E6A1 /* ANUser.h */,
				3733B981162694B30098E6A1 /* ANUser.m */,
				3733B982162694B30098E6A1 /* ANUserCounts.h */,
				3733B983162694B30098E6A1 /* ANUserCounts.m */,
				3733B984162694B30098E6A1 /* ANUserDescription.h */,
				3733B985162694B30098E6A1 /* ANUserDescription.m */,
				3733B986162694B30098E6A1 /* ANUsernameRequest.h */,
				3733B987162694B30098E6A1 /* ANUsernameRequest.m */,
				3733B988162694B30098E6A1 /* ANUserRequest.h */,
				3733B989162694B30098E6A1 /* ANUserRequest.m */,
				3733B98A162694B30098E6A1 /* ANUsersWithPostStarredRequest.h */,
				3733B98B162694B30098E6A1 /* ANUsersWithPostStarredRequest.m */,
				3733B98C162694B30098E6A1 /* AppNetKit.h */,
				3733B98D162694B30098E6A1 /* AppNetKit.m */,
				3733B98E162694B30098E6A1 /* ISO8601DateFormatter.h */,
				3733B98F162694B30098E6A1 /* ISO8601DateFormatter.m */,
				3733B990162694B30098E6A1 /* NSDictionary+dictionaryWithObjectsForKeys.h */,
				3733B991162694B30098E6A1 /* NSDictionary+dictionaryWithObjectsForKeys.m */,
				3733B992162694B30098E6A1 /* NSDictionary+Parameters.h */,
				3733B993162694B30098E6A1 /* NSDictionary+Parameters.m */,
				3733B994162694B30098E6A1 /* NSString+AppNetExtensions.h */,
				3733B995162694B30098E6A1 /* NSString+AppNetExtensions.m */,
			);
			path = appnetkit;
			sourceTree = "<group>";
		};
		3733B9C71626A3780098E6A1 /* INAppStoreWindow */ = {
			isa = PBXGroup;
			children = (
				3733B9C91626A3780098E6A1 /* INAppStoreWindow.h */,
				3733B9CA1626A3780098E6A1 /* INAppStoreWindow.m */,
			);
			path = INAppStoreWindow;
			sourceTree = "<group>";
		};
		37B5205316157DF500941F0D = {
			isa = PBXGroup;
			children = (
				37B5206816157DF500941F0D /* Sunlight */,
				37B5208516157DF600941F0D /* SunlightTests */,
				37B5206116157DF500941F0D /* Frameworks */,
				37B5205F16157DF500941F0D /* Products */,
			);
			sourceTree = "<group>";
		};
		37B5205F16157DF500941F0D /* Products */ = {
			isa = PBXGroup;
			children = (
				37B5205E16157DF500941F0D /* Sunlight.app */,
				37B5207F16157DF600941F0D /* SunlightTests.octest */,
			);
			name = Products;
			sourceTree = "<group>";
		};
		37B5206116157DF500941F0D /* Frameworks */ = {
			isa = PBXGroup;
			children = (
				37AD27B91627A8D4008E58BF /* Quartz.framework */,
				37B520AC1615840100941F0D /* QuartzCore.framework */,
				37B520AA1615837D00941F0D /* Carbon.framework */,
				37B5206216157DF500941F0D /* Cocoa.framework */,
				37B5208016157DF600941F0D /* SenTestingKit.framework */,
				37B5206416157DF500941F0D /* Other Frameworks */,
			);
			name = Frameworks;
			sourceTree = "<group>";
		};
		37B5206416157DF500941F0D /* Other Frameworks */ = {
			isa = PBXGroup;
			children = (
				37B5206516157DF500941F0D /* AppKit.framework */,
				37B5206616157DF500941F0D /* CoreData.framework */,
				37B5206716157DF500941F0D /* Foundation.framework */,
			);
			name = "Other Frameworks";
			sourceTree = "<group>";
		};
		37B5206816157DF500941F0D /* Sunlight */ = {
			isa = PBXGroup;
			children = (
				3795FE671628C02F0091B6CD /* Sunlight.entitlements */,
				37B5207416157DF500941F0D /* PSCAppDelegate.h */,
				37B5207516157DF500941F0D /* PSCAppDelegate.m */,
				3733B8F2162678950098E6A1 /* PSCPostCellView.h */,
				3733B8F3162678950098E6A1 /* PSCPostCellView.m */,
				37AD27C916280A2F008E58BF /* PSCNewPostController.h */,
				37AD27CA16280A2F008E58BF /* PSCNewPostController.m */,
				37AD27CB16280A2F008E58BF /* PSCNewPost.xib */,
				37B5214916159CDE00941F0D /* PSCHUDWindow.h */,
				37B5214A16159CDE00941F0D /* PSCHUDWindow.m */,
				37B5207716157DF600941F0D /* MainMenu.xib */,
				3733B9C71626A3780098E6A1 /* INAppStoreWindow */,
				3733B934162694B20098E6A1 /* appnetkit */,
				37B520A61615833700941F0D /* DDHotKey */,
				37B5209A1615828800941F0D /* ScrollToRefresh */,
				37B5206916157DF500941F0D /* Supporting Files */,
			);
			path = Sunlight;
			sourceTree = "<group>";
		};
		37B5206916157DF500941F0D /* Supporting Files */ = {
			isa = PBXGroup;
			children = (
				37AD27BF1627F59F008E58BF /* Sunlight.iconset */,
				37B5206A16157DF500941F0D /* Sunlight-Info.plist */,
				37B5206B16157DF500941F0D /* InfoPlist.strings */,
				37B5206E16157DF500941F0D /* main.m */,
				37B5207016157DF500941F0D /* Sunlight-Prefix.pch */,
				37B5207116157DF500941F0D /* Credits.rtf */,
			);
			name = "Supporting Files";
			sourceTree = "<group>";
		};
		37B5208516157DF600941F0D /* SunlightTests */ = {
			isa = PBXGroup;
			children = (
				37B5208B16157DF600941F0D /* SunlightTests.h */,
				37B5208C16157DF600941F0D /* SunlightTests.m */,
				37B5208616157DF600941F0D /* Supporting Files */,
			);
			path = SunlightTests;
			sourceTree = "<group>";
		};
		37B5208616157DF600941F0D /* Supporting Files */ = {
			isa = PBXGroup;
			children = (
				37B5208716157DF600941F0D /* SunlightTests-Info.plist */,
				37B5208816157DF600941F0D /* InfoPlist.strings */,
			);
			name = "Supporting Files";
			sourceTree = "<group>";
		};
		37B5209A1615828800941F0D /* ScrollToRefresh */ = {
			isa = PBXGroup;
			children = (
				37B5209B1615828800941F0D /* EQSTRClipView.h */,
				37B5209C1615828800941F0D /* EQSTRClipView.m */,
				37B5209D1615828800941F0D /* EQSTRScrollView.h */,
				37B5209E1615828800941F0D /* EQSTRScrollView.m */,
			);
			name = ScrollToRefresh;
			path = ScrollToRefresh/ScrollToRefresh/src;
			sourceTree = "<group>";
		};
		37B520A61615833700941F0D /* DDHotKey */ = {
			isa = PBXGroup;
			children = (
				37B520A71615834B00941F0D /* DDHotKeyCenter.h */,
				37B520A81615834B00941F0D /* DDHotKeyCenter.m */,
			);
			name = DDHotKey;
			sourceTree = "<group>";
		};
/* End PBXGroup section */

/* Begin PBXNativeTarget section */
		37B5205D16157DF500941F0D /* Sunlight */ = {
			isa = PBXNativeTarget;
			buildConfigurationList = 37B5209016157DF600941F0D /* Build configuration list for PBXNativeTarget "Sunlight" */;
			buildPhases = (
				37B5205A16157DF500941F0D /* Sources */,
				37B5205B16157DF500941F0D /* Frameworks */,
				37B5205C16157DF500941F0D /* Resources */,
			);
			buildRules = (
			);
			dependencies = (
			);
			name = Sunlight;
			productName = Sunlight;
			productReference = 37B5205E16157DF500941F0D /* Sunlight.app */;
			productType = "com.apple.product-type.application";
		};
		37B5207E16157DF600941F0D /* SunlightTests */ = {
			isa = PBXNativeTarget;
			buildConfigurationList = 37B5209316157DF600941F0D /* Build configuration list for PBXNativeTarget "SunlightTests" */;
			buildPhases = (
				37B5207A16157DF600941F0D /* Sources */,
				37B5207B16157DF600941F0D /* Frameworks */,
				37B5207C16157DF600941F0D /* Resources */,
				37B5207D16157DF600941F0D /* ShellScript */,
			);
			buildRules = (
			);
			dependencies = (
				37B5208416157DF600941F0D /* PBXTargetDependency */,
			);
			name = SunlightTests;
			productName = SunlightTests;
			productReference = 37B5207F16157DF600941F0D /* SunlightTests.octest */;
			productType = "com.apple.product-type.bundle";
		};
/* End PBXNativeTarget section */

/* Begin PBXProject section */
		37B5205516157DF500941F0D /* Project object */ = {
			isa = PBXProject;
			attributes = {
				CLASSPREFIX = PSC;
				LastUpgradeCheck = 0450;
				ORGANIZATIONNAME = "Phantom Sun Creative, Ltd.";
			};
			buildConfigurationList = 37B5205816157DF500941F0D /* Build configuration list for PBXProject "Sunlight" */;
			compatibilityVersion = "Xcode 3.2";
			developmentRegion = English;
			hasScannedForEncodings = 0;
			knownRegions = (
				en,
			);
			mainGroup = 37B5205316157DF500941F0D;
			productRefGroup = 37B5205F16157DF500941F0D /* Products */;
			projectDirPath = "";
			projectRoot = "";
			targets = (
				37B5205D16157DF500941F0D /* Sunlight */,
				37B5207E16157DF600941F0D /* SunlightTests */,
			);
		};
/* End PBXProject section */

/* Begin PBXResourcesBuildPhase section */
		37B5205C16157DF500941F0D /* Resources */ = {
			isa = PBXResourcesBuildPhase;
			buildActionMask = 2147483647;
			files = (
				37B5206D16157DF500941F0D /* InfoPlist.strings in Resources */,
				37B5207316157DF500941F0D /* Credits.rtf in Resources */,
				37B5207916157DF600941F0D /* MainMenu.xib in Resources */,
				37AD27C01627F59F008E58BF /* Sunlight.iconset in Resources */,
				37AD27CD16280A30008E58BF /* PSCNewPost.xib in Resources */,
			);
			runOnlyForDeploymentPostprocessing = 0;
		};
		37B5207C16157DF600941F0D /* Resources */ = {
			isa = PBXResourcesBuildPhase;
			buildActionMask = 2147483647;
			files = (
				37B5208A16157DF600941F0D /* InfoPlist.strings in Resources */,
			);
			runOnlyForDeploymentPostprocessing = 0;
		};
/* End PBXResourcesBuildPhase section */

/* Begin PBXShellScriptBuildPhase section */
		37B5207D16157DF600941F0D /* ShellScript */ = {
			isa = PBXShellScriptBuildPhase;
			buildActionMask = 2147483647;
			files = (
			);
			inputPaths = (
			);
			outputPaths = (
			);
			runOnlyForDeploymentPostprocessing = 0;
			shellPath = /bin/sh;
			shellScript = "# Run the unit tests in this test bundle.\n\"${SYSTEM_DEVELOPER_DIR}/Tools/RunUnitTests\"\n";
		};
/* End PBXShellScriptBuildPhase section */

/* Begin PBXSourcesBuildPhase section */
		37B5205A16157DF500941F0D /* Sources */ = {
			isa = PBXSourcesBuildPhase;
			buildActionMask = 2147483647;
			files = (
				37B5206F16157DF500941F0D /* main.m in Sources */,
				37B5207616157DF500941F0D /* PSCAppDelegate.m in Sources */,
				37B5209F1615828800941F0D /* EQSTRClipView.m in Sources */,
				37B520A01615828800941F0D /* EQSTRScrollView.m in Sources */,
				37B520A91615834B00941F0D /* DDHotKeyCenter.m in Sources */,
				37B5214B16159CDE00941F0D /* PSCHUDWindow.m in Sources */,
				3733B8F4162678950098E6A1 /* PSCPostCellView.m in Sources */,
				3733B997162694B30098E6A1 /* ANAccessTokenInformationRequest.m in Sources */,
				3733B998162694B30098E6A1 /* ANAnnotation.m in Sources */,
				3733B999162694B30098E6A1 /* ANAuthenticatedRequest.m in Sources */,
				3733B99A162694B30098E6A1 /* ANAuthenticator.m in Sources */,
				3733B99B162694B30098E6A1 /* ANCreatePostRequest.m in Sources */,
				3733B99C162694B30098E6A1 /* ANDeletePostRequest.m in Sources */,
				3733B99D162694B30098E6A1 /* ANDraft.m in Sources */,
				3733B99E162694B30098E6A1 /* ANEntity.m in Sources */,
				3733B99F162694B30098E6A1 /* ANFollowersForUserRequest.m in Sources */,
				3733B9A0162694B30098E6A1 /* ANFollowingsForUserRequest.m in Sources */,
				3733B9A1162694B30098E6A1 /* ANFollowUserRequest.m in Sources */,
				3733B9A2162694B30098E6A1 /* ANIdentifiedResource.m in Sources */,
				3733B9A3162694B30098E6A1 /* ANImage.m in Sources */,
				3733B9A4162694B30098E6A1 /* ANMuteUserRequest.m in Sources */,
				3733B9A5162694B30098E6A1 /* ANMutingsForUserRequest.m in Sources */,
				3733B9A6162694B30098E6A1 /* ANPost.m in Sources */,
				3733B9A7162694B30098E6A1 /* ANPostRequest.m in Sources */,
				3733B9A8162694B30098E6A1 /* ANPostsByUserRequest.m in Sources */,
				3733B9A9162694B30098E6A1 /* ANPostsInGlobalStreamRequest.m in Sources */,
				3733B9AA162694B30098E6A1 /* ANPostsInUserStreamRequest.m in Sources */,
				3733B9AB162694B30098E6A1 /* ANPostsMentioningUserRequest.m in Sources */,
				3733B9AC162694B30098E6A1 /* ANPostsReplyingToPostRequest.m in Sources */,
				3733B9AD162694B30098E6A1 /* ANPostsStarredByUserRequest.m in Sources */,
				3733B9AE162694B30098E6A1 /* ANPostsWithTagRequest.m in Sources */,
				3733B9AF162694B30098E6A1 /* ANRequest.m in Sources */,
				3733B9B0162694B30098E6A1 /* ANRequestReturningPostList.m in Sources */,
				3733B9B1162694B30098E6A1 /* ANResource+Magic.m in Sources */,
				3733B9B2162694B30098E6A1 /* ANResource.m in Sources */,
				3733B9B3162694B30098E6A1 /* ANResponse.m in Sources */,
				3733B9B4162694B30098E6A1 /* ANSession+Requests.m in Sources */,
				3733B9B5162694B30098E6A1 /* ANSession.m in Sources */,
				3733B9B6162694B30098E6A1 /* ANSource.m in Sources */,
				3733B9B7162694B30098E6A1 /* ANStarPostRequest.m in Sources */,
				3733B9B8162694B30098E6A1 /* ANUnfollowUserRequest.m in Sources */,
				3733B9B9162694B30098E6A1 /* ANUnmuteUserRequest.m in Sources */,
				3733B9BA162694B30098E6A1 /* ANUnstarPostRequest.m in Sources */,
				3733B9BB162694B30098E6A1 /* ANUser.m in Sources */,
				3733B9BC162694B30098E6A1 /* ANUserCounts.m in Sources */,
				3733B9BD162694B30098E6A1 /* ANUserDescription.m in Sources */,
				3733B9BE162694B30098E6A1 /* ANUsernameRequest.m in Sources */,
				3733B9BF162694B30098E6A1 /* ANUserRequest.m in Sources */,
				3733B9C0162694B30098E6A1 /* ANUsersWithPostStarredRequest.m in Sources */,
				3733B9C1162694B30098E6A1 /* AppNetKit.m in Sources */,
				3733B9C2162694B30098E6A1 /* ISO8601DateFormatter.m in Sources */,
				3733B9C3162694B30098E6A1 /* NSDictionary+dictionaryWithObjectsForKeys.m in Sources */,
				3733B9C4162694B30098E6A1 /* NSDictionary+Parameters.m in Sources */,
				3733B9C5162694B30098E6A1 /* NSString+AppNetExtensions.m in Sources */,
				3733B9F41626A3780098E6A1 /* INAppStoreWindow.m in Sources */,
				37AD27CC16280A30008E58BF /* PSCNewPostController.m in Sources */,
			);
			runOnlyForDeploymentPostprocessing = 0;
		};
		37B5207A16157DF600941F0D /* Sources */ = {
			isa = PBXSourcesBuildPhase;
			buildActionMask = 2147483647;
			files = (
				37B5208D16157DF600941F0D /* SunlightTests.m in Sources */,
			);
			runOnlyForDeploymentPostprocessing = 0;
		};
/* End PBXSourcesBuildPhase section */

/* Begin PBXTargetDependency section */
		37B5208416157DF600941F0D /* PBXTargetDependency */ = {
			isa = PBXTargetDependency;
			target = 37B5205D16157DF500941F0D /* Sunlight */;
			targetProxy = 37B5208316157DF600941F0D /* PBXContainerItemProxy */;
		};
/* End PBXTargetDependency section */

/* Begin PBXVariantGroup section */
		37B5206B16157DF500941F0D /* InfoPlist.strings */ = {
			isa = PBXVariantGroup;
			children = (
				37B5206C16157DF500941F0D /* en */,
			);
			name = InfoPlist.strings;
			sourceTree = "<group>";
		};
		37B5207116157DF500941F0D /* Credits.rtf */ = {
			isa = PBXVariantGroup;
			children = (
				37B5207216157DF500941F0D /* en */,
			);
			name = Credits.rtf;
			sourceTree = "<group>";
		};
		37B5207716157DF600941F0D /* MainMenu.xib */ = {
			isa = PBXVariantGroup;
			children = (
				37B5207816157DF600941F0D /* en */,
			);
			name = MainMenu.xib;
			sourceTree = "<group>";
		};
		37B5208816157DF600941F0D /* InfoPlist.strings */ = {
			isa = PBXVariantGroup;
			children = (
				37B5208916157DF600941F0D /* en */,
			);
			name = InfoPlist.strings;
			sourceTree = "<group>";
		};
/* End PBXVariantGroup section */

/* Begin XCBuildConfiguration section */
		37B5208E16157DF600941F0D /* Debug */ = {
			isa = XCBuildConfiguration;
			buildSettings = {
				ALWAYS_SEARCH_USER_PATHS = NO;
				ARCHS = "$(ARCHS_STANDARD_64_BIT)";
				CLANG_CXX_LANGUAGE_STANDARD = "gnu++0x";
				CLANG_CXX_LIBRARY = "libc++";
				CLANG_ENABLE_OBJC_ARC = YES;
				CLANG_WARN_EMPTY_BODY = YES;
				CLANG_WARN__DUPLICATE_METHOD_MATCH = YES;
				COPY_PHASE_STRIP = NO;
				GCC_C_LANGUAGE_STANDARD = gnu99;
				GCC_DYNAMIC_NO_PIC = NO;
				GCC_ENABLE_OBJC_EXCEPTIONS = YES;
				GCC_OPTIMIZATION_LEVEL = 0;
				GCC_PREPROCESSOR_DEFINITIONS = (
					"DEBUG=1",
					"$(inherited)",
				);
				GCC_SYMBOLS_PRIVATE_EXTERN = NO;
				GCC_WARN_64_TO_32_BIT_CONVERSION = YES;
				GCC_WARN_ABOUT_RETURN_TYPE = YES;
				GCC_WARN_UNINITIALIZED_AUTOS = YES;
				GCC_WARN_UNUSED_VARIABLE = YES;
				MACOSX_DEPLOYMENT_TARGET = 10.8;
				ONLY_ACTIVE_ARCH = YES;
				SDKROOT = macosx;
			};
			name = Debug;
		};
		37B5208F16157DF600941F0D /* Release */ = {
			isa = XCBuildConfiguration;
			buildSettings = {
				ALWAYS_SEARCH_USER_PATHS = NO;
				ARCHS = "$(ARCHS_STANDARD_64_BIT)";
				CLANG_CXX_LANGUAGE_STANDARD = "gnu++0x";
				CLANG_CXX_LIBRARY = "libc++";
				CLANG_ENABLE_OBJC_ARC = YES;
				CLANG_WARN_EMPTY_BODY = YES;
				CLANG_WARN__DUPLICATE_METHOD_MATCH = YES;
				COPY_PHASE_STRIP = YES;
				DEBUG_INFORMATION_FORMAT = "dwarf-with-dsym";
				GCC_C_LANGUAGE_STANDARD = gnu99;
				GCC_ENABLE_OBJC_EXCEPTIONS = YES;
				GCC_WARN_64_TO_32_BIT_CONVERSION = YES;
				GCC_WARN_ABOUT_RETURN_TYPE = YES;
				GCC_WARN_UNINITIALIZED_AUTOS = YES;
				GCC_WARN_UNUSED_VARIABLE = YES;
				MACOSX_DEPLOYMENT_TARGET = 10.8;
				SDKROOT = macosx;
			};
			name = Release;
		};
		37B5209116157DF600941F0D /* Debug */ = {
			isa = XCBuildConfiguration;
			buildSettings = {
				CODE_SIGN_ENTITLEMENTS = Sunlight/Sunlight.entitlements;
				CODE_SIGN_IDENTITY = "3rd Party Mac Developer Application";
				COMBINE_HIDPI_IMAGES = YES;
				GCC_PRECOMPILE_PREFIX_HEADER = YES;
				GCC_PREFIX_HEADER = "Sunlight/Sunlight-Prefix.pch";
				INFOPLIST_FILE = "Sunlight/Sunlight-Info.plist";
				PRODUCT_NAME = "$(TARGET_NAME)";
				PROVISIONING_PROFILE = "";
				WRAPPER_EXTENSION = app;
			};
			name = Debug;
		};
		37B5209216157DF600941F0D /* Release */ = {
			isa = XCBuildConfiguration;
			buildSettings = {
				CODE_SIGN_ENTITLEMENTS = Sunlight/Sunlight.entitlements;
				CODE_SIGN_IDENTITY = "3rd Party Mac Developer Application";
				COMBINE_HIDPI_IMAGES = YES;
				GCC_PRECOMPILE_PREFIX_HEADER = YES;
				GCC_PREFIX_HEADER = "Sunlight/Sunlight-Prefix.pch";
				INFOPLIST_FILE = "Sunlight/Sunlight-Info.plist";
				PRODUCT_NAME = "$(TARGET_NAME)";
				PROVISIONING_PROFILE = "";
				WRAPPER_EXTENSION = app;
			};
			name = Release;
		};
		37B5209416157DF600941F0D /* Debug */ = {
			isa = XCBuildConfiguration;
			buildSettings = {
				BUNDLE_LOADER = "$(BUILT_PRODUCTS_DIR)/Sunlight.app/Contents/MacOS/Sunlight";
				COMBINE_HIDPI_IMAGES = YES;
				FRAMEWORK_SEARCH_PATHS = "\"$(DEVELOPER_LIBRARY_DIR)/Frameworks\"";
				GCC_PRECOMPILE_PREFIX_HEADER = YES;
				GCC_PREFIX_HEADER = "Sunlight/Sunlight-Prefix.pch";
				INFOPLIST_FILE = "SunlightTests/SunlightTests-Info.plist";
				PRODUCT_NAME = "$(TARGET_NAME)";
				TEST_HOST = "$(BUNDLE_LOADER)";
				WRAPPER_EXTENSION = octest;
			};
			name = Debug;
		};
		37B5209516157DF600941F0D /* Release */ = {
			isa = XCBuildConfiguration;
			buildSettings = {
				BUNDLE_LOADER = "$(BUILT_PRODUCTS_DIR)/Sunlight.app/Contents/MacOS/Sunlight";
				COMBINE_HIDPI_IMAGES = YES;
				FRAMEWORK_SEARCH_PATHS = "\"$(DEVELOPER_LIBRARY_DIR)/Frameworks\"";
				GCC_PRECOMPILE_PREFIX_HEADER = YES;
				GCC_PREFIX_HEADER = "Sunlight/Sunlight-Prefix.pch";
				INFOPLIST_FILE = "SunlightTests/SunlightTests-Info.plist";
				PRODUCT_NAME = "$(TARGET_NAME)";
				TEST_HOST = "$(BUNDLE_LOADER)";
				WRAPPER_EXTENSION = octest;
			};
			name = Release;
		};
/* End XCBuildConfiguration section */

/* Begin XCConfigurationList section */
		37B5205816157DF500941F0D /* Build configuration list for PBXProject "Sunlight" */ = {
			isa = XCConfigurationList;
			buildConfigurations = (
				37B5208E16157DF600941F0D /* Debug */,
				37B5208F16157DF600941F0D /* Release */,
			);
			defaultConfigurationIsVisible = 0;
			defaultConfigurationName = Release;
		};
		37B5209016157DF600941F0D /* Build configuration list for PBXNativeTarget "Sunlight" */ = {
			isa = XCConfigurationList;
			buildConfigurations = (
				37B5209116157DF600941F0D /* Debug */,
				37B5209216157DF600941F0D /* Release */,
			);
			defaultConfigurationIsVisible = 0;
			defaultConfigurationName = Release;
		};
		37B5209316157DF600941F0D /* Build configuration list for PBXNativeTarget "SunlightTests" */ = {
			isa = XCConfigurationList;
			buildConfigurations = (
				37B5209416157DF600941F0D /* Debug */,
				37B5209516157DF600941F0D /* Release */,
			);
			defaultConfigurationIsVisible = 0;
			defaultConfigurationName = Release;
		};
/* End XCConfigurationList section */
	};
	rootObject = 37B5205516157DF500941F0D /* Project object */;
}
